// !$*UTF8*$!
{
	archiveVersion = 1;
	classes = {
	};
	objectVersion = 51;
	objects = {

/* Begin PBXBuildFile section */
		03F8678E0573AD5D0E292449 /* Pods_VocaGame.framework in Frameworks */ = {isa = PBXBuildFile; fileRef = F87D2451CC2A97DFBBA7C024 /* Pods_VocaGame.framework */; };
		186E84CA24D1462E0094E9EB /* BaseButton.swift in Sources */ = {isa = PBXBuildFile; fileRef = 186E84C924D1462E0094E9EB /* BaseButton.swift */; };
		186E84CC24D15DFD0094E9EB /* AddWordViewController.swift in Sources */ = {isa = PBXBuildFile; fileRef = 186E84CB24D15DFD0094E9EB /* AddWordViewController.swift */; };
		186E84CE24D15E150094E9EB /* AddWordNavigationView.swift in Sources */ = {isa = PBXBuildFile; fileRef = 186E84CD24D15E150094E9EB /* AddWordNavigationView.swift */; };
		186E84E524D2DAC50094E9EB /* VocaForAllViewController.swift in Sources */ = {isa = PBXBuildFile; fileRef = 186E84E424D2DAC50094E9EB /* VocaForAllViewController.swift */; };
		186E84E724D2DB300094E9EB /* VocaForAllNavigationView.swift in Sources */ = {isa = PBXBuildFile; fileRef = 186E84E624D2DB300094E9EB /* VocaForAllNavigationView.swift */; };
		186E84E924D2E2A30094E9EB /* VocaForAllCell.swift in Sources */ = {isa = PBXBuildFile; fileRef = 186E84E824D2E2A30094E9EB /* VocaForAllCell.swift */; };
		1870799524D8120E0079E280 /* WordViewModel.swift in Sources */ = {isa = PBXBuildFile; fileRef = 1870799424D8120E0079E280 /* WordViewModel.swift */; };
		187B024A24D4065B008DBC8B /* VocaDetailViewController.swift in Sources */ = {isa = PBXBuildFile; fileRef = 187B024924D4065B008DBC8B /* VocaDetailViewController.swift */; };
		187B024C24D40968008DBC8B /* WordDetailCell.swift in Sources */ = {isa = PBXBuildFile; fileRef = 187B024B24D40968008DBC8B /* WordDetailCell.swift */; };
		187B024E24D41705008DBC8B /* VocaForAllModel.swift in Sources */ = {isa = PBXBuildFile; fileRef = 187B024D24D41705008DBC8B /* VocaForAllModel.swift */; };
		7D276E0124BE05AF00CA4554 /* AppDelegate.swift in Sources */ = {isa = PBXBuildFile; fileRef = 7D276E0024BE05AF00CA4554 /* AppDelegate.swift */; };
		7D276E0A24BE05B200CA4554 /* Assets.xcassets in Resources */ = {isa = PBXBuildFile; fileRef = 7D276E0924BE05B200CA4554 /* Assets.xcassets */; };
		7D276E0D24BE05B200CA4554 /* LaunchScreen.storyboard in Resources */ = {isa = PBXBuildFile; fileRef = 7D276E0B24BE05B200CA4554 /* LaunchScreen.storyboard */; };
		7D30807324D9A39D0001D850 /* VocaDesignSystem.framework in Frameworks */ = {isa = PBXBuildFile; fileRef = 7D36545B24D973BF0017E732 /* VocaDesignSystem.framework */; };
		7D30807424D9A39D0001D850 /* VocaDesignSystem.framework in Embed Frameworks */ = {isa = PBXBuildFile; fileRef = 7D36545B24D973BF0017E732 /* VocaDesignSystem.framework */; settings = {ATTRIBUTES = (CodeSignOnCopy, RemoveHeadersOnCopy, ); }; };
		7D492D4024D985C8000B8F43 /* VocaGame.framework in Frameworks */ = {isa = PBXBuildFile; fileRef = CEFED47F24D5C8C2002E858C /* VocaGame.framework */; };
		7D492D4124D985C8000B8F43 /* VocaGame.framework in Embed Frameworks */ = {isa = PBXBuildFile; fileRef = CEFED47F24D5C8C2002E858C /* VocaGame.framework */; settings = {ATTRIBUTES = (CodeSignOnCopy, RemoveHeadersOnCopy, ); }; };
		7D492D4524D985CC000B8F43 /* Voca.framework in Frameworks */ = {isa = PBXBuildFile; fileRef = 7D36545324D973B70017E732 /* Voca.framework */; };
		7D492D4624D985CC000B8F43 /* Voca.framework in Embed Frameworks */ = {isa = PBXBuildFile; fileRef = 7D36545324D973B70017E732 /* Voca.framework */; settings = {ATTRIBUTES = (CodeSignOnCopy, RemoveHeadersOnCopy, ); }; };
		7D492D4724D985D0000B8F43 /* VocaDesignSystem.framework in Frameworks */ = {isa = PBXBuildFile; fileRef = 7D36545B24D973BF0017E732 /* VocaDesignSystem.framework */; };
		7D492D4824D985D0000B8F43 /* VocaDesignSystem.framework in Embed Frameworks */ = {isa = PBXBuildFile; fileRef = 7D36545B24D973BF0017E732 /* VocaDesignSystem.framework */; settings = {ATTRIBUTES = (CodeSignOnCopy, RemoveHeadersOnCopy, ); }; };
		7D492D4B24D988B9000B8F43 /* CloudKit.framework in Frameworks */ = {isa = PBXBuildFile; fileRef = CE4401A524CF325F0093D04B /* CloudKit.framework */; };
		CE1458F824D3193D004F2700 /* EditMyVocaGroupViewController.swift in Sources */ = {isa = PBXBuildFile; fileRef = CE1458F724D3193D004F2700 /* EditMyVocaGroupViewController.swift */; };
		CE1458FA24D319FC004F2700 /* EditMyVocaGroupCell.swift in Sources */ = {isa = PBXBuildFile; fileRef = CE1458F924D319FC004F2700 /* EditMyVocaGroupCell.swift */; };
		CE381A1124D1DE5B00FDEBAC /* MyVocaViewModel.swift in Sources */ = {isa = PBXBuildFile; fileRef = CE381A1024D1DE5B00FDEBAC /* MyVocaViewModel.swift */; };
		CE381A1324D1DECF00FDEBAC /* MyVocaGroupNameCell.swift in Sources */ = {isa = PBXBuildFile; fileRef = CE381A1224D1DECF00FDEBAC /* MyVocaGroupNameCell.swift */; };
		CE4401B824CF33E70093D04B /* MyVocaViewController.swift in Sources */ = {isa = PBXBuildFile; fileRef = CE4401B724CF33E70093D04B /* MyVocaViewController.swift */; };
		CE4401BA24CF35360093D04B /* TabbarViewController.swift in Sources */ = {isa = PBXBuildFile; fileRef = CE4401B924CF35360093D04B /* TabbarViewController.swift */; };
		CE84996B24D300D300D934C3 /* MyVocaGroupReusableView.swift in Sources */ = {isa = PBXBuildFile; fileRef = CE84996A24D300D300D934C3 /* MyVocaGroupReusableView.swift */; };
		CE8703C324D2F9FD00DDFAD4 /* UILabel+.swift in Sources */ = {isa = PBXBuildFile; fileRef = CE8703C224D2F9FD00DDFAD4 /* UILabel+.swift */; };
		CE8703C524D2FD9C00DDFAD4 /* MyVocaWordCell.swift in Sources */ = {isa = PBXBuildFile; fileRef = CE8703C424D2FD9C00DDFAD4 /* MyVocaWordCell.swift */; };
		CEF4C3BA24D3949E001AEE97 /* AddVocaViewController.swift in Sources */ = {isa = PBXBuildFile; fileRef = CEF4C3B924D3949E001AEE97 /* AddVocaViewController.swift */; };
		CEFED47324D45291002E858C /* GameViewController.swift in Sources */ = {isa = PBXBuildFile; fileRef = CEFED47224D45291002E858C /* GameViewController.swift */; };
		CEFED47524D5B236002E858C /* GameCell.swift in Sources */ = {isa = PBXBuildFile; fileRef = CEFED47424D5B236002E858C /* GameCell.swift */; };
		CEFED49124D5C8C2002E858C /* VocaGame.h in Headers */ = {isa = PBXBuildFile; fileRef = CEFED48124D5C8C2002E858C /* VocaGame.h */; settings = {ATTRIBUTES = (Public, ); }; };
		CEFED49F24D5C8E7002E858C /* PresentDetailViewControllerTransitionAnimation.swift in Sources */ = {isa = PBXBuildFile; fileRef = CEFED49E24D5C8E7002E858C /* PresentDetailViewControllerTransitionAnimation.swift */; };
		CEFED4A324D5C8F2002E858C /* FlipGameViewController.swift in Sources */ = {isa = PBXBuildFile; fileRef = CEFED4A124D5C8F2002E858C /* FlipGameViewController.swift */; };
		CEFED4A424D5C8F2002E858C /* DetailViewController.swift in Sources */ = {isa = PBXBuildFile; fileRef = CEFED4A224D5C8F2002E858C /* DetailViewController.swift */; };
		CEFED4AA24D5C8FB002E858C /* CardsDataModel.swift in Sources */ = {isa = PBXBuildFile; fileRef = CEFED4A624D5C8FB002E858C /* CardsDataModel.swift */; };
		CEFED4AB24D5C8FB002E858C /* SwipeCardsDataSource.swift in Sources */ = {isa = PBXBuildFile; fileRef = CEFED4A824D5C8FB002E858C /* SwipeCardsDataSource.swift */; };
		CEFED4AC24D5C8FB002E858C /* SwipeCardDelegate.swift in Sources */ = {isa = PBXBuildFile; fileRef = CEFED4A924D5C8FB002E858C /* SwipeCardDelegate.swift */; };
		CEFED4B124D5C900002E858C /* StackContainerView.swift in Sources */ = {isa = PBXBuildFile; fileRef = CEFED4AE24D5C900002E858C /* StackContainerView.swift */; };
		CEFED4B224D5C900002E858C /* SwipeCardView.swift in Sources */ = {isa = PBXBuildFile; fileRef = CEFED4AF24D5C900002E858C /* SwipeCardView.swift */; };
		CEFED4B324D5C900002E858C /* SwipeableCardView.swift in Sources */ = {isa = PBXBuildFile; fileRef = CEFED4B024D5C900002E858C /* SwipeableCardView.swift */; };
		CEFED4B824D5D031002E858C /* ImageWord.swift in Sources */ = {isa = PBXBuildFile; fileRef = CEFED4B624D5D030002E858C /* ImageWord.swift */; };
		CEFED4B924D5D031002E858C /* CardMatching.swift in Sources */ = {isa = PBXBuildFile; fileRef = CEFED4B724D5D030002E858C /* CardMatching.swift */; };
		CEFED4BB24D5D037002E858C /* CardCell.swift in Sources */ = {isa = PBXBuildFile; fileRef = CEFED4BA24D5D037002E858C /* CardCell.swift */; };
		CEFED4BD24D5D03E002E858C /* ViewController.swift in Sources */ = {isa = PBXBuildFile; fileRef = CEFED4BC24D5D03E002E858C /* ViewController.swift */; };
		E557D96CF91550390A560E0E /* Pods_Vocabulary.framework in Frameworks */ = {isa = PBXBuildFile; fileRef = BD71404A8E834ED160D8C3CC /* Pods_Vocabulary.framework */; };
/* End PBXBuildFile section */

/* Begin PBXContainerItemProxy section */
		7D36545224D973B70017E732 /* PBXContainerItemProxy */ = {
			isa = PBXContainerItemProxy;
			containerPortal = 7D36544D24D973B70017E732 /* Voca.xcodeproj */;
			proxyType = 2;
			remoteGlobalIDString = CE6C9BA324CF300F0068C3BB;
			remoteInfo = Voca;
		};
		7D36545424D973B70017E732 /* PBXContainerItemProxy */ = {
			isa = PBXContainerItemProxy;
			containerPortal = 7D36544D24D973B70017E732 /* Voca.xcodeproj */;
			proxyType = 2;
			remoteGlobalIDString = 7D2C768C24CF53AA007BAB7F;
			remoteInfo = VocaTests;
		};
		7D36545A24D973BF0017E732 /* PBXContainerItemProxy */ = {
			isa = PBXContainerItemProxy;
			containerPortal = 7D36545624D973BF0017E732 /* VocaDesignSystem.xcodeproj */;
			proxyType = 2;
			remoteGlobalIDString = 7D276E3424BE122C00CA4554;
			remoteInfo = VocaDesignSystem;
		};
		7D492D4224D985C8000B8F43 /* PBXContainerItemProxy */ = {
			isa = PBXContainerItemProxy;
			containerPortal = 7D276DF524BE05AF00CA4554 /* Project object */;
			proxyType = 1;
			remoteGlobalIDString = CEFED47E24D5C8C2002E858C;
			remoteInfo = VocaGame;
		};
/* End PBXContainerItemProxy section */

/* Begin PBXCopyFilesBuildPhase section */
		7D30807524D9A39D0001D850 /* Embed Frameworks */ = {
			isa = PBXCopyFilesBuildPhase;
			buildActionMask = 2147483647;
			dstPath = "";
			dstSubfolderSpec = 10;
			files = (
				7D30807424D9A39D0001D850 /* VocaDesignSystem.framework in Embed Frameworks */,
			);
			name = "Embed Frameworks";
			runOnlyForDeploymentPostprocessing = 0;
		};
		7D492D4424D985C9000B8F43 /* Embed Frameworks */ = {
			isa = PBXCopyFilesBuildPhase;
			buildActionMask = 2147483647;
			dstPath = "";
			dstSubfolderSpec = 10;
			files = (
				7D492D4824D985D0000B8F43 /* VocaDesignSystem.framework in Embed Frameworks */,
				7D492D4124D985C8000B8F43 /* VocaGame.framework in Embed Frameworks */,
				7D492D4624D985CC000B8F43 /* Voca.framework in Embed Frameworks */,
			);
			name = "Embed Frameworks";
			runOnlyForDeploymentPostprocessing = 0;
		};
/* End PBXCopyFilesBuildPhase section */

/* Begin PBXFileReference section */
		00EDE8F629BD2543A2039761 /* Pods-VocaGame.debug.xcconfig */ = {isa = PBXFileReference; includeInIndex = 1; lastKnownFileType = text.xcconfig; name = "Pods-VocaGame.debug.xcconfig"; path = "Target Support Files/Pods-VocaGame/Pods-VocaGame.debug.xcconfig"; sourceTree = "<group>"; };
		186E84C924D1462E0094E9EB /* BaseButton.swift */ = {isa = PBXFileReference; lastKnownFileType = sourcecode.swift; path = BaseButton.swift; sourceTree = "<group>"; };
		186E84CB24D15DFD0094E9EB /* AddWordViewController.swift */ = {isa = PBXFileReference; fileEncoding = 4; lastKnownFileType = sourcecode.swift; path = AddWordViewController.swift; sourceTree = "<group>"; };
		186E84CD24D15E150094E9EB /* AddWordNavigationView.swift */ = {isa = PBXFileReference; lastKnownFileType = sourcecode.swift; path = AddWordNavigationView.swift; sourceTree = "<group>"; };
		186E84E424D2DAC50094E9EB /* VocaForAllViewController.swift */ = {isa = PBXFileReference; fileEncoding = 4; lastKnownFileType = sourcecode.swift; name = VocaForAllViewController.swift; path = Vocabulary/VocaForAll/VocaForAllViewController.swift; sourceTree = SOURCE_ROOT; };
		186E84E624D2DB300094E9EB /* VocaForAllNavigationView.swift */ = {isa = PBXFileReference; lastKnownFileType = sourcecode.swift; name = VocaForAllNavigationView.swift; path = Vocabulary/VocaForAll/VocaForAllNavigationView.swift; sourceTree = SOURCE_ROOT; };
		186E84E824D2E2A30094E9EB /* VocaForAllCell.swift */ = {isa = PBXFileReference; lastKnownFileType = sourcecode.swift; name = VocaForAllCell.swift; path = Vocabulary/VocaForAll/VocaForAllCell.swift; sourceTree = SOURCE_ROOT; };
		1870799424D8120E0079E280 /* WordViewModel.swift */ = {isa = PBXFileReference; lastKnownFileType = sourcecode.swift; path = WordViewModel.swift; sourceTree = "<group>"; };
		187B024924D4065B008DBC8B /* VocaDetailViewController.swift */ = {isa = PBXFileReference; lastKnownFileType = sourcecode.swift; name = VocaDetailViewController.swift; path = Vocabulary/VacoForAll/Detail/VocaDetailViewController.swift; sourceTree = SOURCE_ROOT; };
		187B024B24D40968008DBC8B /* WordDetailCell.swift */ = {isa = PBXFileReference; lastKnownFileType = sourcecode.swift; name = WordDetailCell.swift; path = Vocabulary/VacoForAll/Detail/WordDetailCell.swift; sourceTree = SOURCE_ROOT; };
		187B024D24D41705008DBC8B /* VocaForAllModel.swift */ = {isa = PBXFileReference; lastKnownFileType = sourcecode.swift; name = VocaForAllModel.swift; path = Vocabulary/VocaForAll/VocaForAllModel.swift; sourceTree = SOURCE_ROOT; };
		7D276DFD24BE05AF00CA4554 /* 포잉포잉.app */ = {isa = PBXFileReference; explicitFileType = wrapper.application; includeInIndex = 0; path = "포잉포잉.app"; sourceTree = BUILT_PRODUCTS_DIR; };
		7D276E0024BE05AF00CA4554 /* AppDelegate.swift */ = {isa = PBXFileReference; lastKnownFileType = sourcecode.swift; path = AppDelegate.swift; sourceTree = "<group>"; };
		7D276E0924BE05B200CA4554 /* Assets.xcassets */ = {isa = PBXFileReference; lastKnownFileType = folder.assetcatalog; path = Assets.xcassets; sourceTree = "<group>"; };
		7D276E0C24BE05B200CA4554 /* Base */ = {isa = PBXFileReference; lastKnownFileType = file.storyboard; name = Base; path = Base.lproj/LaunchScreen.storyboard; sourceTree = "<group>"; };
		7D276E0E24BE05B200CA4554 /* Info.plist */ = {isa = PBXFileReference; lastKnownFileType = text.plist.xml; path = Info.plist; sourceTree = "<group>"; };
		7D36544D24D973B70017E732 /* Voca.xcodeproj */ = {isa = PBXFileReference; lastKnownFileType = "wrapper.pb-project"; name = Voca.xcodeproj; path = Voca/Voca.xcodeproj; sourceTree = "<group>"; };
		7D36545624D973BF0017E732 /* VocaDesignSystem.xcodeproj */ = {isa = PBXFileReference; lastKnownFileType = "wrapper.pb-project"; name = VocaDesignSystem.xcodeproj; path = VocaDesignSystem/VocaDesignSystem.xcodeproj; sourceTree = "<group>"; };
		A92164D16BD573D454878EAC /* Pods-VocaGame.release.xcconfig */ = {isa = PBXFileReference; includeInIndex = 1; lastKnownFileType = text.xcconfig; name = "Pods-VocaGame.release.xcconfig"; path = "Target Support Files/Pods-VocaGame/Pods-VocaGame.release.xcconfig"; sourceTree = "<group>"; };
		BD71404A8E834ED160D8C3CC /* Pods_Vocabulary.framework */ = {isa = PBXFileReference; explicitFileType = wrapper.framework; includeInIndex = 0; path = Pods_Vocabulary.framework; sourceTree = BUILT_PRODUCTS_DIR; };
		CE1458F724D3193D004F2700 /* EditMyVocaGroupViewController.swift */ = {isa = PBXFileReference; lastKnownFileType = sourcecode.swift; path = EditMyVocaGroupViewController.swift; sourceTree = "<group>"; };
		CE1458F924D319FC004F2700 /* EditMyVocaGroupCell.swift */ = {isa = PBXFileReference; lastKnownFileType = sourcecode.swift; path = EditMyVocaGroupCell.swift; sourceTree = "<group>"; };
		CE381A1024D1DE5B00FDEBAC /* MyVocaViewModel.swift */ = {isa = PBXFileReference; lastKnownFileType = sourcecode.swift; path = MyVocaViewModel.swift; sourceTree = "<group>"; };
		CE381A1224D1DECF00FDEBAC /* MyVocaGroupNameCell.swift */ = {isa = PBXFileReference; lastKnownFileType = sourcecode.swift; path = MyVocaGroupNameCell.swift; sourceTree = "<group>"; };
		CE44019E24CF31060093D04B /* Voca.framework */ = {isa = PBXFileReference; explicitFileType = wrapper.framework; path = Voca.framework; sourceTree = BUILT_PRODUCTS_DIR; };
		CE4401A424CF32570093D04B /* Vocabulary.entitlements */ = {isa = PBXFileReference; lastKnownFileType = text.plist.entitlements; path = Vocabulary.entitlements; sourceTree = "<group>"; };
		CE4401A524CF325F0093D04B /* CloudKit.framework */ = {isa = PBXFileReference; lastKnownFileType = wrapper.framework; name = CloudKit.framework; path = System/Library/Frameworks/CloudKit.framework; sourceTree = SDKROOT; };
		CE4401B724CF33E70093D04B /* MyVocaViewController.swift */ = {isa = PBXFileReference; lastKnownFileType = sourcecode.swift; path = MyVocaViewController.swift; sourceTree = "<group>"; };
		CE4401B924CF35360093D04B /* TabbarViewController.swift */ = {isa = PBXFileReference; lastKnownFileType = sourcecode.swift; path = TabbarViewController.swift; sourceTree = "<group>"; };
		CE6C9BB424CF30390068C3BB /* VocaDesignSystem.framework */ = {isa = PBXFileReference; explicitFileType = wrapper.framework; path = VocaDesignSystem.framework; sourceTree = BUILT_PRODUCTS_DIR; };
		CE6C9BBD24CF30A40068C3BB /* Voca.framework */ = {isa = PBXFileReference; lastKnownFileType = wrapper.framework; name = Voca.framework; path = "../../Library/Developer/Xcode/DerivedData/Voca-blydlrtbacqgmggqkcatiqessyqc/Build/Products/Debug-iphonesimulator/Voca.framework"; sourceTree = "<group>"; };
		CE84996A24D300D300D934C3 /* MyVocaGroupReusableView.swift */ = {isa = PBXFileReference; lastKnownFileType = sourcecode.swift; path = MyVocaGroupReusableView.swift; sourceTree = "<group>"; };
		CE8703C224D2F9FD00DDFAD4 /* UILabel+.swift */ = {isa = PBXFileReference; lastKnownFileType = sourcecode.swift; path = "UILabel+.swift"; sourceTree = "<group>"; };
		CE8703C424D2FD9C00DDFAD4 /* MyVocaWordCell.swift */ = {isa = PBXFileReference; lastKnownFileType = sourcecode.swift; path = MyVocaWordCell.swift; sourceTree = "<group>"; };
		CEF4C3B924D3949E001AEE97 /* AddVocaViewController.swift */ = {isa = PBXFileReference; lastKnownFileType = sourcecode.swift; path = AddVocaViewController.swift; sourceTree = "<group>"; };
		CEFED47224D45291002E858C /* GameViewController.swift */ = {isa = PBXFileReference; lastKnownFileType = sourcecode.swift; name = GameViewController.swift; path = Vocabulary/Game/GameViewController.swift; sourceTree = SOURCE_ROOT; };
		CEFED47424D5B236002E858C /* GameCell.swift */ = {isa = PBXFileReference; lastKnownFileType = sourcecode.swift; name = GameCell.swift; path = Vocabulary/Game/GameCell.swift; sourceTree = SOURCE_ROOT; };
		CEFED47F24D5C8C2002E858C /* VocaGame.framework */ = {isa = PBXFileReference; explicitFileType = wrapper.framework; includeInIndex = 0; path = VocaGame.framework; sourceTree = BUILT_PRODUCTS_DIR; };
		CEFED48124D5C8C2002E858C /* VocaGame.h */ = {isa = PBXFileReference; lastKnownFileType = sourcecode.c.h; path = VocaGame.h; sourceTree = "<group>"; };
		CEFED48224D5C8C2002E858C /* Info.plist */ = {isa = PBXFileReference; lastKnownFileType = text.plist.xml; path = Info.plist; sourceTree = "<group>"; };
		CEFED49E24D5C8E7002E858C /* PresentDetailViewControllerTransitionAnimation.swift */ = {isa = PBXFileReference; fileEncoding = 4; lastKnownFileType = sourcecode.swift; path = PresentDetailViewControllerTransitionAnimation.swift; sourceTree = "<group>"; };
		CEFED4A124D5C8F2002E858C /* FlipGameViewController.swift */ = {isa = PBXFileReference; fileEncoding = 4; lastKnownFileType = sourcecode.swift; path = FlipGameViewController.swift; sourceTree = "<group>"; };
		CEFED4A224D5C8F2002E858C /* DetailViewController.swift */ = {isa = PBXFileReference; fileEncoding = 4; lastKnownFileType = sourcecode.swift; path = DetailViewController.swift; sourceTree = "<group>"; };
		CEFED4A624D5C8FB002E858C /* CardsDataModel.swift */ = {isa = PBXFileReference; fileEncoding = 4; lastKnownFileType = sourcecode.swift; path = CardsDataModel.swift; sourceTree = "<group>"; };
		CEFED4A824D5C8FB002E858C /* SwipeCardsDataSource.swift */ = {isa = PBXFileReference; fileEncoding = 4; lastKnownFileType = sourcecode.swift; path = SwipeCardsDataSource.swift; sourceTree = "<group>"; };
		CEFED4A924D5C8FB002E858C /* SwipeCardDelegate.swift */ = {isa = PBXFileReference; fileEncoding = 4; lastKnownFileType = sourcecode.swift; path = SwipeCardDelegate.swift; sourceTree = "<group>"; };
		CEFED4AE24D5C900002E858C /* StackContainerView.swift */ = {isa = PBXFileReference; fileEncoding = 4; lastKnownFileType = sourcecode.swift; path = StackContainerView.swift; sourceTree = "<group>"; };
		CEFED4AF24D5C900002E858C /* SwipeCardView.swift */ = {isa = PBXFileReference; fileEncoding = 4; lastKnownFileType = sourcecode.swift; path = SwipeCardView.swift; sourceTree = "<group>"; };
		CEFED4B024D5C900002E858C /* SwipeableCardView.swift */ = {isa = PBXFileReference; fileEncoding = 4; lastKnownFileType = sourcecode.swift; path = SwipeableCardView.swift; sourceTree = "<group>"; };
		CEFED4B624D5D030002E858C /* ImageWord.swift */ = {isa = PBXFileReference; fileEncoding = 4; lastKnownFileType = sourcecode.swift; path = ImageWord.swift; sourceTree = "<group>"; };
		CEFED4B724D5D030002E858C /* CardMatching.swift */ = {isa = PBXFileReference; fileEncoding = 4; lastKnownFileType = sourcecode.swift; path = CardMatching.swift; sourceTree = "<group>"; };
		CEFED4BA24D5D037002E858C /* CardCell.swift */ = {isa = PBXFileReference; fileEncoding = 4; lastKnownFileType = sourcecode.swift; name = CardCell.swift; path = PreDev/CardMatching/CardMatching/CardCell.swift; sourceTree = SOURCE_ROOT; };
		CEFED4BC24D5D03E002E858C /* ViewController.swift */ = {isa = PBXFileReference; fileEncoding = 4; lastKnownFileType = sourcecode.swift; name = ViewController.swift; path = PreDev/CardMatching/CardMatching/ViewController.swift; sourceTree = SOURCE_ROOT; };
		D2B5F6D199B56DA8E62A7B79 /* Pods-Vocabulary.debug.xcconfig */ = {isa = PBXFileReference; includeInIndex = 1; lastKnownFileType = text.xcconfig; name = "Pods-Vocabulary.debug.xcconfig"; path = "Target Support Files/Pods-Vocabulary/Pods-Vocabulary.debug.xcconfig"; sourceTree = "<group>"; };
		E0CA266D120AA8DDAB32F927 /* Pods-Vocabulary.release.xcconfig */ = {isa = PBXFileReference; includeInIndex = 1; lastKnownFileType = text.xcconfig; name = "Pods-Vocabulary.release.xcconfig"; path = "Target Support Files/Pods-Vocabulary/Pods-Vocabulary.release.xcconfig"; sourceTree = "<group>"; };
		F87D2451CC2A97DFBBA7C024 /* Pods_VocaGame.framework */ = {isa = PBXFileReference; explicitFileType = wrapper.framework; includeInIndex = 0; path = Pods_VocaGame.framework; sourceTree = BUILT_PRODUCTS_DIR; };
/* End PBXFileReference section */

/* Begin PBXFrameworksBuildPhase section */
		7D276DFA24BE05AF00CA4554 /* Frameworks */ = {
			isa = PBXFrameworksBuildPhase;
			buildActionMask = 2147483647;
			files = (
				7D492D4B24D988B9000B8F43 /* CloudKit.framework in Frameworks */,
				7D492D4024D985C8000B8F43 /* VocaGame.framework in Frameworks */,
				7D492D4724D985D0000B8F43 /* VocaDesignSystem.framework in Frameworks */,
				7D492D4524D985CC000B8F43 /* Voca.framework in Frameworks */,
				E557D96CF91550390A560E0E /* Pods_Vocabulary.framework in Frameworks */,
			);
			runOnlyForDeploymentPostprocessing = 0;
		};
		CEFED47C24D5C8C2002E858C /* Frameworks */ = {
			isa = PBXFrameworksBuildPhase;
			buildActionMask = 2147483647;
			files = (
				7D30807324D9A39D0001D850 /* VocaDesignSystem.framework in Frameworks */,
				03F8678E0573AD5D0E292449 /* Pods_VocaGame.framework in Frameworks */,
			);
			runOnlyForDeploymentPostprocessing = 0;
		};
/* End PBXFrameworksBuildPhase section */

/* Begin PBXGroup section */
		186E84C824D146110094E9EB /* View */ = {
			isa = PBXGroup;
			children = (
				186E84C924D1462E0094E9EB /* BaseButton.swift */,
			);
			path = View;
			sourceTree = "<group>";
		};
		1870799324D8113A0079E280 /* Detail */ = {
			isa = PBXGroup;
			children = (
				187B024B24D40968008DBC8B /* WordDetailCell.swift */,
				187B024924D4065B008DBC8B /* VocaDetailViewController.swift */,
				1870799424D8120E0079E280 /* WordViewModel.swift */,
			);
			path = Detail;
			sourceTree = "<group>";
		};
		7C5637AC6CE1EDE31F81695F /* Frameworks */ = {
			isa = PBXGroup;
			children = (
				CE4401A524CF325F0093D04B /* CloudKit.framework */,
				CE6C9BBD24CF30A40068C3BB /* Voca.framework */,
				CE6C9BB424CF30390068C3BB /* VocaDesignSystem.framework */,
				CE44019E24CF31060093D04B /* Voca.framework */,
				F87D2451CC2A97DFBBA7C024 /* Pods_VocaGame.framework */,
				BD71404A8E834ED160D8C3CC /* Pods_Vocabulary.framework */,
			);
			name = Frameworks;
			sourceTree = "<group>";
		};
		7D276DF424BE05AF00CA4554 = {
			isa = PBXGroup;
			children = (
				7D36545624D973BF0017E732 /* VocaDesignSystem.xcodeproj */,
				7D36544D24D973B70017E732 /* Voca.xcodeproj */,
				7D276DFF24BE05AF00CA4554 /* Vocabulary */,
				CEFED48024D5C8C2002E858C /* VocaGame */,
				7D276DFE24BE05AF00CA4554 /* Products */,
				DCBEF7D8D78A53C7ED1BCF92 /* Pods */,
				7C5637AC6CE1EDE31F81695F /* Frameworks */,
			);
			sourceTree = "<group>";
		};
		7D276DFE24BE05AF00CA4554 /* Products */ = {
			isa = PBXGroup;
			children = (
				7D276DFD24BE05AF00CA4554 /* 포잉포잉.app */,
				CEFED47F24D5C8C2002E858C /* VocaGame.framework */,
			);
			name = Products;
			sourceTree = "<group>";
		};
		7D276DFF24BE05AF00CA4554 /* Vocabulary */ = {
			isa = PBXGroup;
			children = (
				CEFED47624D5BAC7002E858C /* Game */,
				CE8703C124D2F9F100DDFAD4 /* Utills */,
				186E84C824D146110094E9EB /* View */,
				CE4401A424CF32570093D04B /* Vocabulary.entitlements */,
				CE6C9B6324CF2DDB0068C3BB /* Model */,
				CE6C9B6124CF2D870068C3BB /* AddWord */,
				CE6C9B5F24CF2D790068C3BB /* My */,
				CE6C9B5E24CF2D3F0068C3BB /* VacoForAll */,
				CE6C9B5D24CF2D380068C3BB /* MyVoca */,
				7D276E4E24BE12FC00CA4554 /* Resource */,
				7D276E0E24BE05B200CA4554 /* Info.plist */,
				7D276E0024BE05AF00CA4554 /* AppDelegate.swift */,
				CE4401B924CF35360093D04B /* TabbarViewController.swift */,
				7D276E0B24BE05B200CA4554 /* LaunchScreen.storyboard */,
			);
			path = Vocabulary;
			sourceTree = "<group>";
		};
		7D276E4E24BE12FC00CA4554 /* Resource */ = {
			isa = PBXGroup;
			children = (
				7D276E0924BE05B200CA4554 /* Assets.xcassets */,
			);
			path = Resource;
			sourceTree = "<group>";
		};
		7D36544E24D973B70017E732 /* Products */ = {
			isa = PBXGroup;
			children = (
				7D36545324D973B70017E732 /* Voca.framework */,
				7D36545524D973B70017E732 /* VocaTests.xctest */,
			);
			name = Products;
			sourceTree = "<group>";
		};
		7D36545724D973BF0017E732 /* Products */ = {
			isa = PBXGroup;
			children = (
				7D36545B24D973BF0017E732 /* VocaDesignSystem.framework */,
			);
			name = Products;
			sourceTree = "<group>";
		};
		CE6C9B5D24CF2D380068C3BB /* MyVoca */ = {
			isa = PBXGroup;
			children = (
				CE4401B724CF33E70093D04B /* MyVocaViewController.swift */,
				CE381A1024D1DE5B00FDEBAC /* MyVocaViewModel.swift */,
				CE84996A24D300D300D934C3 /* MyVocaGroupReusableView.swift */,
				CE381A1224D1DECF00FDEBAC /* MyVocaGroupNameCell.swift */,
				CE8703C424D2FD9C00DDFAD4 /* MyVocaWordCell.swift */,
				CE1458F724D3193D004F2700 /* EditMyVocaGroupViewController.swift */,
				CE1458F924D319FC004F2700 /* EditMyVocaGroupCell.swift */,
				CEF4C3B924D3949E001AEE97 /* AddVocaViewController.swift */,
			);
			path = MyVoca;
			sourceTree = "<group>";
		};
		CE6C9B5E24CF2D3F0068C3BB /* VacoForAll */ = {
			isa = PBXGroup;
			children = (
				1870799324D8113A0079E280 /* Detail */,
				186E84E424D2DAC50094E9EB /* VocaForAllViewController.swift */,
				186E84E624D2DB300094E9EB /* VocaForAllNavigationView.swift */,
				186E84E824D2E2A30094E9EB /* VocaForAllCell.swift */,
				187B024D24D41705008DBC8B /* VocaForAllModel.swift */,
			);
			path = VacoForAll;
			sourceTree = "<group>";
		};
		CE6C9B5F24CF2D790068C3BB /* My */ = {
			isa = PBXGroup;
			children = (
			);
			path = My;
			sourceTree = "<group>";
		};
		CE6C9B6124CF2D870068C3BB /* AddWord */ = {
			isa = PBXGroup;
			children = (
				186E84CB24D15DFD0094E9EB /* AddWordViewController.swift */,
				186E84CD24D15E150094E9EB /* AddWordNavigationView.swift */,
			);
			path = AddWord;
			sourceTree = "<group>";
		};
		CE6C9B6324CF2DDB0068C3BB /* Model */ = {
			isa = PBXGroup;
			children = (
			);
			path = Model;
			sourceTree = "<group>";
		};
		CE8703C124D2F9F100DDFAD4 /* Utills */ = {
			isa = PBXGroup;
			children = (
				CE8703C224D2F9FD00DDFAD4 /* UILabel+.swift */,
			);
			path = Utills;
			sourceTree = "<group>";
		};
		CEFED47624D5BAC7002E858C /* Game */ = {
			isa = PBXGroup;
			children = (
				CEFED47224D45291002E858C /* GameViewController.swift */,
				CEFED47424D5B236002E858C /* GameCell.swift */,
			);
			path = Game;
			sourceTree = "<group>";
		};
		CEFED48024D5C8C2002E858C /* VocaGame */ = {
			isa = PBXGroup;
			children = (
				CEFED4B424D5D008002E858C /* Matching */,
				CEFED49C24D5C8DC002E858C /* Flip */,
				CEFED48124D5C8C2002E858C /* VocaGame.h */,
				CEFED48224D5C8C2002E858C /* Info.plist */,
			);
			path = VocaGame;
			sourceTree = "<group>";
		};
		CEFED49C24D5C8DC002E858C /* Flip */ = {
			isa = PBXGroup;
			children = (
				CEFED4AD24D5C900002E858C /* View */,
				CEFED4A524D5C8FB002E858C /* Model */,
				CEFED4A724D5C8FB002E858C /* Utils */,
				CEFED4A024D5C8F2002E858C /* Controllers */,
				CEFED49D24D5C8E7002E858C /* Animations */,
			);
			path = Flip;
			sourceTree = "<group>";
		};
		CEFED49D24D5C8E7002E858C /* Animations */ = {
			isa = PBXGroup;
			children = (
				CEFED49E24D5C8E7002E858C /* PresentDetailViewControllerTransitionAnimation.swift */,
			);
			name = Animations;
			path = "PreDev/TinderSwipeInterface-Edit_By_HaeunLee/TinderStack/TinderStack/Animations";
			sourceTree = SOURCE_ROOT;
		};
		CEFED4A024D5C8F2002E858C /* Controllers */ = {
			isa = PBXGroup;
			children = (
				CEFED4A124D5C8F2002E858C /* FlipGameViewController.swift */,
				CEFED4A224D5C8F2002E858C /* DetailViewController.swift */,
			);
			name = Controllers;
			path = "PreDev/TinderSwipeInterface-Edit_By_HaeunLee/TinderStack/TinderStack/Controllers";
			sourceTree = SOURCE_ROOT;
		};
		CEFED4A524D5C8FB002E858C /* Model */ = {
			isa = PBXGroup;
			children = (
				CEFED4A624D5C8FB002E858C /* CardsDataModel.swift */,
			);
			name = Model;
			path = "PreDev/TinderSwipeInterface-Edit_By_HaeunLee/TinderStack/TinderStack/Model";
			sourceTree = SOURCE_ROOT;
		};
		CEFED4A724D5C8FB002E858C /* Utils */ = {
			isa = PBXGroup;
			children = (
				CEFED4A824D5C8FB002E858C /* SwipeCardsDataSource.swift */,
				CEFED4A924D5C8FB002E858C /* SwipeCardDelegate.swift */,
			);
			name = Utils;
			path = "PreDev/TinderSwipeInterface-Edit_By_HaeunLee/TinderStack/TinderStack/Utils";
			sourceTree = SOURCE_ROOT;
		};
		CEFED4AD24D5C900002E858C /* View */ = {
			isa = PBXGroup;
			children = (
				CEFED4AE24D5C900002E858C /* StackContainerView.swift */,
				CEFED4AF24D5C900002E858C /* SwipeCardView.swift */,
				CEFED4B024D5C900002E858C /* SwipeableCardView.swift */,
			);
			name = View;
			path = "PreDev/TinderSwipeInterface-Edit_By_HaeunLee/TinderStack/TinderStack/View";
			sourceTree = SOURCE_ROOT;
		};
		CEFED4B424D5D008002E858C /* Matching */ = {
			isa = PBXGroup;
			children = (
				CEFED4BC24D5D03E002E858C /* ViewController.swift */,
				CEFED4BA24D5D037002E858C /* CardCell.swift */,
				CEFED4B524D5D030002E858C /* Model */,
			);
			path = Matching;
			sourceTree = "<group>";
		};
		CEFED4B524D5D030002E858C /* Model */ = {
			isa = PBXGroup;
			children = (
				CEFED4B624D5D030002E858C /* ImageWord.swift */,
				CEFED4B724D5D030002E858C /* CardMatching.swift */,
			);
			name = Model;
			path = PreDev/CardMatching/CardMatching/Model;
			sourceTree = SOURCE_ROOT;
		};
		DCBEF7D8D78A53C7ED1BCF92 /* Pods */ = {
			isa = PBXGroup;
			children = (
				00EDE8F629BD2543A2039761 /* Pods-VocaGame.debug.xcconfig */,
				A92164D16BD573D454878EAC /* Pods-VocaGame.release.xcconfig */,
				E0CA266D120AA8DDAB32F927 /* Pods-Vocabulary.release.xcconfig */,
				D2B5F6D199B56DA8E62A7B79 /* Pods-Vocabulary.debug.xcconfig */,
			);
			path = Pods;
			sourceTree = "<group>";
		};
/* End PBXGroup section */

/* Begin PBXHeadersBuildPhase section */
		CEFED47A24D5C8C2002E858C /* Headers */ = {
			isa = PBXHeadersBuildPhase;
			buildActionMask = 2147483647;
			files = (
				CEFED49124D5C8C2002E858C /* VocaGame.h in Headers */,
			);
			runOnlyForDeploymentPostprocessing = 0;
		};
/* End PBXHeadersBuildPhase section */

/* Begin PBXNativeTarget section */
		7D276DFC24BE05AF00CA4554 /* Vocabulary */ = {
			isa = PBXNativeTarget;
			buildConfigurationList = 7D276E1124BE05B200CA4554 /* Build configuration list for PBXNativeTarget "Vocabulary" */;
			buildPhases = (
				59226C1F897620742A76141B /* [CP] Check Pods Manifest.lock */,
				7D276DF924BE05AF00CA4554 /* Sources */,
				7D276DFA24BE05AF00CA4554 /* Frameworks */,
				7D276DFB24BE05AF00CA4554 /* Resources */,
				7D492D4424D985C9000B8F43 /* Embed Frameworks */,
				83A4A8550549995F0E06EDB7 /* [CP] Embed Pods Frameworks */,
			);
			buildRules = (
			);
			dependencies = (
				7D492D4324D985C8000B8F43 /* PBXTargetDependency */,
			);
			name = Vocabulary;
			productName = Vocabulary;
			productReference = 7D276DFD24BE05AF00CA4554 /* 포잉포잉.app */;
			productType = "com.apple.product-type.application";
		};
		CEFED47E24D5C8C2002E858C /* VocaGame */ = {
			isa = PBXNativeTarget;
			buildConfigurationList = CEFED49624D5C8C2002E858C /* Build configuration list for PBXNativeTarget "VocaGame" */;
			buildPhases = (
				9B11C3FAA80A99740DBFC414 /* [CP] Check Pods Manifest.lock */,
				CEFED47A24D5C8C2002E858C /* Headers */,
				CEFED47B24D5C8C2002E858C /* Sources */,
				CEFED47C24D5C8C2002E858C /* Frameworks */,
				CEFED47D24D5C8C2002E858C /* Resources */,
				7D30807524D9A39D0001D850 /* Embed Frameworks */,
			);
			buildRules = (
			);
			dependencies = (
			);
			name = VocaGame;
			productName = VocaGame;
			productReference = CEFED47F24D5C8C2002E858C /* VocaGame.framework */;
			productType = "com.apple.product-type.framework";
		};
/* End PBXNativeTarget section */

/* Begin PBXProject section */
		7D276DF524BE05AF00CA4554 /* Project object */ = {
			isa = PBXProject;
			attributes = {
				LastSwiftUpdateCheck = 1160;
				LastUpgradeCheck = 1150;
				ORGANIZATIONNAME = "LEE HAEUN";
				TargetAttributes = {
					7D276DFC24BE05AF00CA4554 = {
						CreatedOnToolsVersion = 11.5;
					};
					CEFED47E24D5C8C2002E858C = {
						CreatedOnToolsVersion = 11.6;
					};
				};
			};
			buildConfigurationList = 7D276DF824BE05AF00CA4554 /* Build configuration list for PBXProject "Vocabulary" */;
			compatibilityVersion = "Xcode 9.3";
			developmentRegion = en;
			hasScannedForEncodings = 0;
			knownRegions = (
				en,
				Base,
			);
			mainGroup = 7D276DF424BE05AF00CA4554;
			productRefGroup = 7D276DFE24BE05AF00CA4554 /* Products */;
			projectDirPath = "";
			projectReferences = (
				{
					ProductGroup = 7D36544E24D973B70017E732 /* Products */;
					ProjectRef = 7D36544D24D973B70017E732 /* Voca.xcodeproj */;
				},
				{
					ProductGroup = 7D36545724D973BF0017E732 /* Products */;
					ProjectRef = 7D36545624D973BF0017E732 /* VocaDesignSystem.xcodeproj */;
				},
			);
			projectRoot = "";
			targets = (
				7D276DFC24BE05AF00CA4554 /* Vocabulary */,
				CEFED47E24D5C8C2002E858C /* VocaGame */,
			);
		};
/* End PBXProject section */

/* Begin PBXReferenceProxy section */
		7D36545324D973B70017E732 /* Voca.framework */ = {
			isa = PBXReferenceProxy;
			fileType = wrapper.framework;
			path = Voca.framework;
			remoteRef = 7D36545224D973B70017E732 /* PBXContainerItemProxy */;
			sourceTree = BUILT_PRODUCTS_DIR;
		};
		7D36545524D973B70017E732 /* VocaTests.xctest */ = {
			isa = PBXReferenceProxy;
			fileType = wrapper.cfbundle;
			path = VocaTests.xctest;
			remoteRef = 7D36545424D973B70017E732 /* PBXContainerItemProxy */;
			sourceTree = BUILT_PRODUCTS_DIR;
		};
		7D36545B24D973BF0017E732 /* VocaDesignSystem.framework */ = {
			isa = PBXReferenceProxy;
			fileType = wrapper.framework;
			path = VocaDesignSystem.framework;
			remoteRef = 7D36545A24D973BF0017E732 /* PBXContainerItemProxy */;
			sourceTree = BUILT_PRODUCTS_DIR;
		};
/* End PBXReferenceProxy section */

/* Begin PBXResourcesBuildPhase section */
		7D276DFB24BE05AF00CA4554 /* Resources */ = {
			isa = PBXResourcesBuildPhase;
			buildActionMask = 2147483647;
			files = (
				7D276E0D24BE05B200CA4554 /* LaunchScreen.storyboard in Resources */,
				7D276E0A24BE05B200CA4554 /* Assets.xcassets in Resources */,
			);
			runOnlyForDeploymentPostprocessing = 0;
		};
		CEFED47D24D5C8C2002E858C /* Resources */ = {
			isa = PBXResourcesBuildPhase;
			buildActionMask = 2147483647;
			files = (
			);
			runOnlyForDeploymentPostprocessing = 0;
		};
/* End PBXResourcesBuildPhase section */

/* Begin PBXShellScriptBuildPhase section */
		59226C1F897620742A76141B /* [CP] Check Pods Manifest.lock */ = {
			isa = PBXShellScriptBuildPhase;
			buildActionMask = 2147483647;
			files = (
			);
			inputFileListPaths = (
			);
			inputPaths = (
				"${PODS_PODFILE_DIR_PATH}/Podfile.lock",
				"${PODS_ROOT}/Manifest.lock",
			);
			name = "[CP] Check Pods Manifest.lock";
			outputFileListPaths = (
			);
			outputPaths = (
				"$(DERIVED_FILE_DIR)/Pods-Vocabulary-checkManifestLockResult.txt",
			);
			runOnlyForDeploymentPostprocessing = 0;
			shellPath = /bin/sh;
			shellScript = "diff \"${PODS_PODFILE_DIR_PATH}/Podfile.lock\" \"${PODS_ROOT}/Manifest.lock\" > /dev/null\nif [ $? != 0 ] ; then\n    # print error to STDERR\n    echo \"error: The sandbox is not in sync with the Podfile.lock. Run 'pod install' or update your CocoaPods installation.\" >&2\n    exit 1\nfi\n# This output is used by Xcode 'outputs' to avoid re-running this script phase.\necho \"SUCCESS\" > \"${SCRIPT_OUTPUT_FILE_0}\"\n";
			showEnvVarsInLog = 0;
		};
		83A4A8550549995F0E06EDB7 /* [CP] Embed Pods Frameworks */ = {
			isa = PBXShellScriptBuildPhase;
			buildActionMask = 2147483647;
			files = (
			);
			inputFileListPaths = (
				"${PODS_ROOT}/Target Support Files/Pods-Vocabulary/Pods-Vocabulary-frameworks-${CONFIGURATION}-input-files.xcfilelist",
			);
			name = "[CP] Embed Pods Frameworks";
			outputFileListPaths = (
				"${PODS_ROOT}/Target Support Files/Pods-Vocabulary/Pods-Vocabulary-frameworks-${CONFIGURATION}-output-files.xcfilelist",
			);
			runOnlyForDeploymentPostprocessing = 0;
			shellPath = /bin/sh;
			shellScript = "\"${PODS_ROOT}/Target Support Files/Pods-Vocabulary/Pods-Vocabulary-frameworks.sh\"\n";
			showEnvVarsInLog = 0;
		};
		9B11C3FAA80A99740DBFC414 /* [CP] Check Pods Manifest.lock */ = {
			isa = PBXShellScriptBuildPhase;
			buildActionMask = 2147483647;
			files = (
			);
			inputFileListPaths = (
			);
			inputPaths = (
				"${PODS_PODFILE_DIR_PATH}/Podfile.lock",
				"${PODS_ROOT}/Manifest.lock",
			);
			name = "[CP] Check Pods Manifest.lock";
			outputFileListPaths = (
			);
			outputPaths = (
				"$(DERIVED_FILE_DIR)/Pods-VocaGame-checkManifestLockResult.txt",
			);
			runOnlyForDeploymentPostprocessing = 0;
			shellPath = /bin/sh;
			shellScript = "diff \"${PODS_PODFILE_DIR_PATH}/Podfile.lock\" \"${PODS_ROOT}/Manifest.lock\" > /dev/null\nif [ $? != 0 ] ; then\n    # print error to STDERR\n    echo \"error: The sandbox is not in sync with the Podfile.lock. Run 'pod install' or update your CocoaPods installation.\" >&2\n    exit 1\nfi\n# This output is used by Xcode 'outputs' to avoid re-running this script phase.\necho \"SUCCESS\" > \"${SCRIPT_OUTPUT_FILE_0}\"\n";
			showEnvVarsInLog = 0;
		};
/* End PBXShellScriptBuildPhase section */

/* Begin PBXSourcesBuildPhase section */
		7D276DF924BE05AF00CA4554 /* Sources */ = {
			isa = PBXSourcesBuildPhase;
			buildActionMask = 2147483647;
			files = (
				CE8703C324D2F9FD00DDFAD4 /* UILabel+.swift in Sources */,
				186E84CE24D15E150094E9EB /* AddWordNavigationView.swift in Sources */,
				CE381A1324D1DECF00FDEBAC /* MyVocaGroupNameCell.swift in Sources */,
				CEFED47524D5B236002E858C /* GameCell.swift in Sources */,
				CE1458FA24D319FC004F2700 /* EditMyVocaGroupCell.swift in Sources */,
				186E84CC24D15DFD0094E9EB /* AddWordViewController.swift in Sources */,
				CE4401BA24CF35360093D04B /* TabbarViewController.swift in Sources */,
				1870799524D8120E0079E280 /* WordViewModel.swift in Sources */,
				187B024E24D41705008DBC8B /* VocaForAllModel.swift in Sources */,
				CE381A1124D1DE5B00FDEBAC /* MyVocaViewModel.swift in Sources */,
				CE8703C524D2FD9C00DDFAD4 /* MyVocaWordCell.swift in Sources */,
				CE1458F824D3193D004F2700 /* EditMyVocaGroupViewController.swift in Sources */,
				186E84CA24D1462E0094E9EB /* BaseButton.swift in Sources */,
				186E84E924D2E2A30094E9EB /* VocaForAllCell.swift in Sources */,
				CEFED47324D45291002E858C /* GameViewController.swift in Sources */,
				7D276E0124BE05AF00CA4554 /* AppDelegate.swift in Sources */,
				186E84E724D2DB300094E9EB /* VocaForAllNavigationView.swift in Sources */,
				186E84E524D2DAC50094E9EB /* VocaForAllViewController.swift in Sources */,
				187B024A24D4065B008DBC8B /* VocaDetailViewController.swift in Sources */,
				CE4401B824CF33E70093D04B /* MyVocaViewController.swift in Sources */,
				CE84996B24D300D300D934C3 /* MyVocaGroupReusableView.swift in Sources */,
				CEF4C3BA24D3949E001AEE97 /* AddVocaViewController.swift in Sources */,
				187B024C24D40968008DBC8B /* WordDetailCell.swift in Sources */,
			);
			runOnlyForDeploymentPostprocessing = 0;
		};
		CEFED47B24D5C8C2002E858C /* Sources */ = {
			isa = PBXSourcesBuildPhase;
			buildActionMask = 2147483647;
			files = (
				CEFED4AB24D5C8FB002E858C /* SwipeCardsDataSource.swift in Sources */,
				CEFED4A424D5C8F2002E858C /* DetailViewController.swift in Sources */,
				CEFED4A324D5C8F2002E858C /* FlipGameViewController.swift in Sources */,
				CEFED4B324D5C900002E858C /* SwipeableCardView.swift in Sources */,
				CEFED4B224D5C900002E858C /* SwipeCardView.swift in Sources */,
				CEFED4B824D5D031002E858C /* ImageWord.swift in Sources */,
				CEFED4AC24D5C8FB002E858C /* SwipeCardDelegate.swift in Sources */,
				CEFED49F24D5C8E7002E858C /* PresentDetailViewControllerTransitionAnimation.swift in Sources */,
				CEFED4BD24D5D03E002E858C /* ViewController.swift in Sources */,
				CEFED4B924D5D031002E858C /* CardMatching.swift in Sources */,
				CEFED4B124D5C900002E858C /* StackContainerView.swift in Sources */,
				CEFED4AA24D5C8FB002E858C /* CardsDataModel.swift in Sources */,
				CEFED4BB24D5D037002E858C /* CardCell.swift in Sources */,
			);
			runOnlyForDeploymentPostprocessing = 0;
		};
/* End PBXSourcesBuildPhase section */

/* Begin PBXTargetDependency section */
		7D492D4324D985C8000B8F43 /* PBXTargetDependency */ = {
			isa = PBXTargetDependency;
			target = CEFED47E24D5C8C2002E858C /* VocaGame */;
			targetProxy = 7D492D4224D985C8000B8F43 /* PBXContainerItemProxy */;
		};
/* End PBXTargetDependency section */

/* Begin PBXVariantGroup section */
		7D276E0B24BE05B200CA4554 /* LaunchScreen.storyboard */ = {
			isa = PBXVariantGroup;
			children = (
				7D276E0C24BE05B200CA4554 /* Base */,
			);
			name = LaunchScreen.storyboard;
			sourceTree = "<group>";
		};
/* End PBXVariantGroup section */

/* Begin XCBuildConfiguration section */
		7D276E0F24BE05B200CA4554 /* Debug */ = {
			isa = XCBuildConfiguration;
			buildSettings = {
				ALWAYS_SEARCH_USER_PATHS = NO;
				CLANG_ANALYZER_NONNULL = YES;
				CLANG_ANALYZER_NUMBER_OBJECT_CONVERSION = YES_AGGRESSIVE;
				CLANG_CXX_LANGUAGE_STANDARD = "gnu++14";
				CLANG_CXX_LIBRARY = "libc++";
				CLANG_ENABLE_MODULES = YES;
				CLANG_ENABLE_OBJC_ARC = YES;
				CLANG_ENABLE_OBJC_WEAK = YES;
				CLANG_WARN_BLOCK_CAPTURE_AUTORELEASING = YES;
				CLANG_WARN_BOOL_CONVERSION = YES;
				CLANG_WARN_COMMA = YES;
				CLANG_WARN_CONSTANT_CONVERSION = YES;
				CLANG_WARN_DEPRECATED_OBJC_IMPLEMENTATIONS = YES;
				CLANG_WARN_DIRECT_OBJC_ISA_USAGE = YES_ERROR;
				CLANG_WARN_DOCUMENTATION_COMMENTS = YES;
				CLANG_WARN_EMPTY_BODY = YES;
				CLANG_WARN_ENUM_CONVERSION = YES;
				CLANG_WARN_INFINITE_RECURSION = YES;
				CLANG_WARN_INT_CONVERSION = YES;
				CLANG_WARN_NON_LITERAL_NULL_CONVERSION = YES;
				CLANG_WARN_OBJC_IMPLICIT_RETAIN_SELF = YES;
				CLANG_WARN_OBJC_LITERAL_CONVERSION = YES;
				CLANG_WARN_OBJC_ROOT_CLASS = YES_ERROR;
				CLANG_WARN_RANGE_LOOP_ANALYSIS = YES;
				CLANG_WARN_STRICT_PROTOTYPES = YES;
				CLANG_WARN_SUSPICIOUS_MOVE = YES;
				CLANG_WARN_UNGUARDED_AVAILABILITY = YES_AGGRESSIVE;
				CLANG_WARN_UNREACHABLE_CODE = YES;
				CLANG_WARN__DUPLICATE_METHOD_MATCH = YES;
				COPY_PHASE_STRIP = NO;
				DEBUG_INFORMATION_FORMAT = dwarf;
				ENABLE_STRICT_OBJC_MSGSEND = YES;
				ENABLE_TESTABILITY = YES;
				GCC_C_LANGUAGE_STANDARD = gnu11;
				GCC_DYNAMIC_NO_PIC = NO;
				GCC_NO_COMMON_BLOCKS = YES;
				GCC_OPTIMIZATION_LEVEL = 0;
				GCC_PREPROCESSOR_DEFINITIONS = (
					"DEBUG=1",
					"$(inherited)",
				);
				GCC_WARN_64_TO_32_BIT_CONVERSION = YES;
				GCC_WARN_ABOUT_RETURN_TYPE = YES_ERROR;
				GCC_WARN_UNDECLARED_SELECTOR = YES;
				GCC_WARN_UNINITIALIZED_AUTOS = YES_AGGRESSIVE;
				GCC_WARN_UNUSED_FUNCTION = YES;
				GCC_WARN_UNUSED_VARIABLE = YES;
				IPHONEOS_DEPLOYMENT_TARGET = 13.0;
				MTL_ENABLE_DEBUG_INFO = INCLUDE_SOURCE;
				MTL_FAST_MATH = YES;
				ONLY_ACTIVE_ARCH = YES;
				SDKROOT = iphoneos;
				SWIFT_ACTIVE_COMPILATION_CONDITIONS = DEBUG;
				SWIFT_OPTIMIZATION_LEVEL = "-Onone";
			};
			name = Debug;
		};
		7D276E1024BE05B200CA4554 /* Release */ = {
			isa = XCBuildConfiguration;
			buildSettings = {
				ALWAYS_SEARCH_USER_PATHS = NO;
				CLANG_ANALYZER_NONNULL = YES;
				CLANG_ANALYZER_NUMBER_OBJECT_CONVERSION = YES_AGGRESSIVE;
				CLANG_CXX_LANGUAGE_STANDARD = "gnu++14";
				CLANG_CXX_LIBRARY = "libc++";
				CLANG_ENABLE_MODULES = YES;
				CLANG_ENABLE_OBJC_ARC = YES;
				CLANG_ENABLE_OBJC_WEAK = YES;
				CLANG_WARN_BLOCK_CAPTURE_AUTORELEASING = YES;
				CLANG_WARN_BOOL_CONVERSION = YES;
				CLANG_WARN_COMMA = YES;
				CLANG_WARN_CONSTANT_CONVERSION = YES;
				CLANG_WARN_DEPRECATED_OBJC_IMPLEMENTATIONS = YES;
				CLANG_WARN_DIRECT_OBJC_ISA_USAGE = YES_ERROR;
				CLANG_WARN_DOCUMENTATION_COMMENTS = YES;
				CLANG_WARN_EMPTY_BODY = YES;
				CLANG_WARN_ENUM_CONVERSION = YES;
				CLANG_WARN_INFINITE_RECURSION = YES;
				CLANG_WARN_INT_CONVERSION = YES;
				CLANG_WARN_NON_LITERAL_NULL_CONVERSION = YES;
				CLANG_WARN_OBJC_IMPLICIT_RETAIN_SELF = YES;
				CLANG_WARN_OBJC_LITERAL_CONVERSION = YES;
				CLANG_WARN_OBJC_ROOT_CLASS = YES_ERROR;
				CLANG_WARN_RANGE_LOOP_ANALYSIS = YES;
				CLANG_WARN_STRICT_PROTOTYPES = YES;
				CLANG_WARN_SUSPICIOUS_MOVE = YES;
				CLANG_WARN_UNGUARDED_AVAILABILITY = YES_AGGRESSIVE;
				CLANG_WARN_UNREACHABLE_CODE = YES;
				CLANG_WARN__DUPLICATE_METHOD_MATCH = YES;
				COPY_PHASE_STRIP = NO;
				DEBUG_INFORMATION_FORMAT = "dwarf-with-dsym";
				ENABLE_NS_ASSERTIONS = NO;
				ENABLE_STRICT_OBJC_MSGSEND = YES;
				GCC_C_LANGUAGE_STANDARD = gnu11;
				GCC_NO_COMMON_BLOCKS = YES;
				GCC_WARN_64_TO_32_BIT_CONVERSION = YES;
				GCC_WARN_ABOUT_RETURN_TYPE = YES_ERROR;
				GCC_WARN_UNDECLARED_SELECTOR = YES;
				GCC_WARN_UNINITIALIZED_AUTOS = YES_AGGRESSIVE;
				GCC_WARN_UNUSED_FUNCTION = YES;
				GCC_WARN_UNUSED_VARIABLE = YES;
				IPHONEOS_DEPLOYMENT_TARGET = 13.0;
				MTL_ENABLE_DEBUG_INFO = NO;
				MTL_FAST_MATH = YES;
				SDKROOT = iphoneos;
				SWIFT_COMPILATION_MODE = wholemodule;
				SWIFT_OPTIMIZATION_LEVEL = "-O";
				VALIDATE_PRODUCT = YES;
			};
			name = Release;
		};
		7D276E1224BE05B200CA4554 /* Debug */ = {
			isa = XCBuildConfiguration;
			baseConfigurationReference = D2B5F6D199B56DA8E62A7B79 /* Pods-Vocabulary.debug.xcconfig */;
			buildSettings = {
				ASSETCATALOG_COMPILER_APPICON_NAME = AppIcon;
				CODE_SIGN_ENTITLEMENTS = Vocabulary/Vocabulary.entitlements;
				CODE_SIGN_STYLE = Automatic;
				DEVELOPMENT_TEAM = M96L4WMU9C;
				INFOPLIST_FILE = Vocabulary/Info.plist;
				IPHONEOS_DEPLOYMENT_TARGET = 13.0;
				LD_RUNPATH_SEARCH_PATHS = (
					"$(inherited)",
					"@executable_path/Frameworks",
				);
				PRODUCT_BUNDLE_IDENTIFIER = Spark.Vocabulary;
				PRODUCT_NAME = "포잉포잉";
				SWIFT_VERSION = 5.0;
				TARGETED_DEVICE_FAMILY = "1,2";
			};
			name = Debug;
		};
		7D276E1324BE05B200CA4554 /* Release */ = {
			isa = XCBuildConfiguration;
			baseConfigurationReference = E0CA266D120AA8DDAB32F927 /* Pods-Vocabulary.release.xcconfig */;
			buildSettings = {
				ASSETCATALOG_COMPILER_APPICON_NAME = AppIcon;
				CODE_SIGN_ENTITLEMENTS = Vocabulary/Vocabulary.entitlements;
				CODE_SIGN_STYLE = Automatic;
				DEVELOPMENT_TEAM = M96L4WMU9C;
				INFOPLIST_FILE = Vocabulary/Info.plist;
				IPHONEOS_DEPLOYMENT_TARGET = 13.0;
				LD_RUNPATH_SEARCH_PATHS = (
					"$(inherited)",
					"@executable_path/Frameworks",
				);
				PRODUCT_BUNDLE_IDENTIFIER = Spark.Vocabulary;
				PRODUCT_NAME = "포잉포잉";
				SWIFT_VERSION = 5.0;
				TARGETED_DEVICE_FAMILY = "1,2";
			};
			name = Release;
		};
		CEFED49724D5C8C2002E858C /* Debug */ = {
			isa = XCBuildConfiguration;
			baseConfigurationReference = 00EDE8F629BD2543A2039761 /* Pods-VocaGame.debug.xcconfig */;
			buildSettings = {
				CODE_SIGN_STYLE = Automatic;
				CURRENT_PROJECT_VERSION = 1;
				DEFINES_MODULE = YES;
				DEVELOPMENT_TEAM = L47YWQ7AFX;
				DYLIB_COMPATIBILITY_VERSION = 1;
				DYLIB_CURRENT_VERSION = 1;
				DYLIB_INSTALL_NAME_BASE = "@rpath";
				INFOPLIST_FILE = VocaGame/Info.plist;
				INSTALL_PATH = "$(LOCAL_LIBRARY_DIR)/Frameworks";
				IPHONEOS_DEPLOYMENT_TARGET = 13.0;
				LD_RUNPATH_SEARCH_PATHS = (
					"$(inherited)",
					"@executable_path/Frameworks",
					"@loader_path/Frameworks",
				);
				PRODUCT_BUNDLE_IDENTIFIER = voca.VocaGame;
				PRODUCT_NAME = "$(TARGET_NAME:c99extidentifier)";
				SKIP_INSTALL = YES;
				SUPPORTS_MACCATALYST = NO;
				SWIFT_VERSION = 5.0;
				TARGETED_DEVICE_FAMILY = "1,2";
				VERSIONING_SYSTEM = "apple-generic";
				VERSION_INFO_PREFIX = "";
			};
			name = Debug;
		};
		CEFED49824D5C8C2002E858C /* Release */ = {
			isa = XCBuildConfiguration;
			baseConfigurationReference = A92164D16BD573D454878EAC /* Pods-VocaGame.release.xcconfig */;
			buildSettings = {
				CODE_SIGN_STYLE = Automatic;
				CURRENT_PROJECT_VERSION = 1;
				DEFINES_MODULE = YES;
				DEVELOPMENT_TEAM = L47YWQ7AFX;
				DYLIB_COMPATIBILITY_VERSION = 1;
				DYLIB_CURRENT_VERSION = 1;
				DYLIB_INSTALL_NAME_BASE = "@rpath";
				INFOPLIST_FILE = VocaGame/Info.plist;
				INSTALL_PATH = "$(LOCAL_LIBRARY_DIR)/Frameworks";
				IPHONEOS_DEPLOYMENT_TARGET = 13.0;
				LD_RUNPATH_SEARCH_PATHS = (
					"$(inherited)",
					"@executable_path/Frameworks",
					"@loader_path/Frameworks",
				);
				PRODUCT_BUNDLE_IDENTIFIER = voca.VocaGame;
				PRODUCT_NAME = "$(TARGET_NAME:c99extidentifier)";
				SKIP_INSTALL = YES;
				SUPPORTS_MACCATALYST = NO;
				SWIFT_VERSION = 5.0;
				TARGETED_DEVICE_FAMILY = "1,2";
				VERSIONING_SYSTEM = "apple-generic";
				VERSION_INFO_PREFIX = "";
			};
			name = Release;
		};
/* End XCBuildConfiguration section */

/* Begin XCConfigurationList section */
		7D276DF824BE05AF00CA4554 /* Build configuration list for PBXProject "Vocabulary" */ = {
			isa = XCConfigurationList;
			buildConfigurations = (
				7D276E0F24BE05B200CA4554 /* Debug */,
				7D276E1024BE05B200CA4554 /* Release */,
			);
			defaultConfigurationIsVisible = 0;
			defaultConfigurationName = Release;
		};
		7D276E1124BE05B200CA4554 /* Build configuration list for PBXNativeTarget "Vocabulary" */ = {
			isa = XCConfigurationList;
			buildConfigurations = (
				7D276E1224BE05B200CA4554 /* Debug */,
				7D276E1324BE05B200CA4554 /* Release */,
			);
			defaultConfigurationIsVisible = 0;
			defaultConfigurationName = Release;
		};
		CEFED49624D5C8C2002E858C /* Build configuration list for PBXNativeTarget "VocaGame" */ = {
			isa = XCConfigurationList;
			buildConfigurations = (
				CEFED49724D5C8C2002E858C /* Debug */,
				CEFED49824D5C8C2002E858C /* Release */,
			);
			defaultConfigurationIsVisible = 0;
			defaultConfigurationName = Release;
		};
/* End XCConfigurationList section */
	};
	rootObject = 7D276DF524BE05AF00CA4554 /* Project object */;
}
