// !$*UTF8*$!
{
	archiveVersion = 1;
	classes = {
	};
	objectVersion = 51;
	objects = {

/* Begin PBXBuildFile section */
		060A2BFF3328CFC53FBFBE42 /* Pods_VocaGame.framework in Frameworks */ = {isa = PBXBuildFile; fileRef = 4478D4B7DA4E6BD69D08D8DE /* Pods_VocaGame.framework */; };
		1238287CFA7BC45ADFF42843 /* Pods_PoingDesignSystem.framework in Frameworks */ = {isa = PBXBuildFile; fileRef = ED704EC38B4DD6954EB8967E /* Pods_PoingDesignSystem.framework */; };
		186E84CA24D1462E0094E9EB /* BaseButton.swift in Sources */ = {isa = PBXBuildFile; fileRef = 186E84C924D1462E0094E9EB /* BaseButton.swift */; };
		186E84CC24D15DFD0094E9EB /* AddWordViewController.swift in Sources */ = {isa = PBXBuildFile; fileRef = 186E84CB24D15DFD0094E9EB /* AddWordViewController.swift */; };
		186E84CE24D15E150094E9EB /* AddWordNavigationView.swift in Sources */ = {isa = PBXBuildFile; fileRef = 186E84CD24D15E150094E9EB /* AddWordNavigationView.swift */; };
		186E84E524D2DAC50094E9EB /* VocaForAllViewController.swift in Sources */ = {isa = PBXBuildFile; fileRef = 186E84E424D2DAC50094E9EB /* VocaForAllViewController.swift */; };
		186E84E724D2DB300094E9EB /* VocaForAllNavigationView.swift in Sources */ = {isa = PBXBuildFile; fileRef = 186E84E624D2DB300094E9EB /* VocaForAllNavigationView.swift */; };
		186E84E924D2E2A30094E9EB /* VocaForAllCell.swift in Sources */ = {isa = PBXBuildFile; fileRef = 186E84E824D2E2A30094E9EB /* VocaForAllCell.swift */; };
		1870799524D8120E0079E280 /* WordViewModel.swift in Sources */ = {isa = PBXBuildFile; fileRef = 1870799424D8120E0079E280 /* WordViewModel.swift */; };
		187B024A24D4065B008DBC8B /* VocaDetailViewController.swift in Sources */ = {isa = PBXBuildFile; fileRef = 187B024924D4065B008DBC8B /* VocaDetailViewController.swift */; };
		187B024C24D40968008DBC8B /* WordDetailCell.swift in Sources */ = {isa = PBXBuildFile; fileRef = 187B024B24D40968008DBC8B /* WordDetailCell.swift */; };
		187B024E24D41705008DBC8B /* VocaForAllModel.swift in Sources */ = {isa = PBXBuildFile; fileRef = 187B024D24D41705008DBC8B /* VocaForAllModel.swift */; };
		7D14050824DE5F8E00F57260 /* EditMyVocaGroupViewModel.swift in Sources */ = {isa = PBXBuildFile; fileRef = 7D14050724DE5F8E00F57260 /* EditMyVocaGroupViewModel.swift */; };
		7D16CBB924E5805500C95F8D /* BalsamiqSansBold.ttf in Resources */ = {isa = PBXBuildFile; fileRef = 7D16CBB824E5805500C95F8D /* BalsamiqSansBold.ttf */; };
		7D16CBBC24E5826300C95F8D /* BalsamiqSansBold.ttf in Resources */ = {isa = PBXBuildFile; fileRef = 7D16CBB824E5805500C95F8D /* BalsamiqSansBold.ttf */; };
		7D16CBBD24E5826400C95F8D /* BalsamiqSansBold.ttf in Resources */ = {isa = PBXBuildFile; fileRef = 7D16CBB824E5805500C95F8D /* BalsamiqSansBold.ttf */; };
		7D16CBD224E8D6AD00C95F8D /* FlipCardViewDataSource.swift in Sources */ = {isa = PBXBuildFile; fileRef = 7D16CBC124E8D6AC00C95F8D /* FlipCardViewDataSource.swift */; };
		7D16CBD324E8D6AD00C95F8D /* FlipCardViewDelegate.swift in Sources */ = {isa = PBXBuildFile; fileRef = 7D16CBC224E8D6AC00C95F8D /* FlipCardViewDelegate.swift */; };
		7D16CBD424E8D6AD00C95F8D /* CardsDataModel.swift in Sources */ = {isa = PBXBuildFile; fileRef = 7D16CBC424E8D6AC00C95F8D /* CardsDataModel.swift */; };
		7D16CBD524E8D6AD00C95F8D /* StackContainerView.swift in Sources */ = {isa = PBXBuildFile; fileRef = 7D16CBC624E8D6AC00C95F8D /* StackContainerView.swift */; };
		7D16CBD624E8D6AD00C95F8D /* FlipCardView.swift in Sources */ = {isa = PBXBuildFile; fileRef = 7D16CBC724E8D6AC00C95F8D /* FlipCardView.swift */; };
		7D16CBD824E8D6AD00C95F8D /* FlipGameViewController.swift in Sources */ = {isa = PBXBuildFile; fileRef = 7D16CBCA24E8D6AC00C95F8D /* FlipGameViewController.swift */; };
		7D16CBD924E8D6AD00C95F8D /* CardCell.swift in Sources */ = {isa = PBXBuildFile; fileRef = 7D16CBCC24E8D6AD00C95F8D /* CardCell.swift */; };
		7D16CBDA24E8D6AD00C95F8D /* CardMatchingViewController.swift in Sources */ = {isa = PBXBuildFile; fileRef = 7D16CBCD24E8D6AD00C95F8D /* CardMatchingViewController.swift */; };
		7D16CBDB24E8D6AD00C95F8D /* ImageWord.swift in Sources */ = {isa = PBXBuildFile; fileRef = 7D16CBCF24E8D6AD00C95F8D /* ImageWord.swift */; };
		7D16CBDC24E8D6AD00C95F8D /* CardMatching.swift in Sources */ = {isa = PBXBuildFile; fileRef = 7D16CBD024E8D6AD00C95F8D /* CardMatching.swift */; };
		7D1FBE5024DC3B6000D2F4A1 /* Voca.xcdatamodeld in Sources */ = {isa = PBXBuildFile; fileRef = 7DDB4B1524DC2E67008812CD /* Voca.xcdatamodeld */; };
		7D276E0124BE05AF00CA4554 /* AppDelegate.swift in Sources */ = {isa = PBXBuildFile; fileRef = 7D276E0024BE05AF00CA4554 /* AppDelegate.swift */; };
		7D276E0A24BE05B200CA4554 /* Assets.xcassets in Resources */ = {isa = PBXBuildFile; fileRef = 7D276E0924BE05B200CA4554 /* Assets.xcassets */; };
		7D276E0D24BE05B200CA4554 /* LaunchScreen.storyboard in Resources */ = {isa = PBXBuildFile; fileRef = 7D276E0B24BE05B200CA4554 /* LaunchScreen.storyboard */; };
		7D477D7524E19172004A7F17 /* MyVocaEmptyCell.swift in Sources */ = {isa = PBXBuildFile; fileRef = 7D477D7424E19172004A7F17 /* MyVocaEmptyCell.swift */; };
		7D477D7924E2BFE6004A7F17 /* ProgressBarNavigationView.swift in Sources */ = {isa = PBXBuildFile; fileRef = 7D477D7824E2BFE6004A7F17 /* ProgressBarNavigationView.swift */; };
		7D477D7B24E2C3C7004A7F17 /* Media.xcassets in Resources */ = {isa = PBXBuildFile; fileRef = 7D477D7A24E2C3C7004A7F17 /* Media.xcassets */; };
		7D492D4B24D988B9000B8F43 /* CloudKit.framework in Frameworks */ = {isa = PBXBuildFile; fileRef = CE4401A524CF325F0093D04B /* CloudKit.framework */; };
		7D6F9D0224E2EE3B005B6835 /* PoingDesignSystem.framework in Frameworks */ = {isa = PBXBuildFile; fileRef = 7DDB4AC524DC2D6B008812CD /* PoingDesignSystem.framework */; };
		7D6F9D0324E2EE3B005B6835 /* PoingDesignSystem.framework in Embed Frameworks */ = {isa = PBXBuildFile; fileRef = 7DDB4AC524DC2D6B008812CD /* PoingDesignSystem.framework */; settings = {ATTRIBUTES = (CodeSignOnCopy, RemoveHeadersOnCopy, ); }; };
		7D6F9D0624E2EE96005B6835 /* CALayer+.swift in Sources */ = {isa = PBXBuildFile; fileRef = 7D477D7624E193C9004A7F17 /* CALayer+.swift */; };
		7D7F602224F16387007021C6 /* Load.xcdatamodeld in Sources */ = {isa = PBXBuildFile; fileRef = 7D7F602024F16387007021C6 /* Load.xcdatamodeld */; };
		7D88E29624E170C4000D8559 /* ScreenView.swift in Sources */ = {isa = PBXBuildFile; fileRef = 7D88E29424E170C4000D8559 /* ScreenView.swift */; };
		7D88E29724E170C4000D8559 /* TakePictureController.swift in Sources */ = {isa = PBXBuildFile; fileRef = 7D88E29524E170C4000D8559 /* TakePictureController.swift */; };
		7D88E29C24E170E7000D8559 /* settingCell.swift in Sources */ = {isa = PBXBuildFile; fileRef = 7D88E29824E170E6000D8559 /* settingCell.swift */; };
		7D88E29D24E170E7000D8559 /* SettingSection.swift in Sources */ = {isa = PBXBuildFile; fileRef = 7D88E29924E170E6000D8559 /* SettingSection.swift */; };
		7D88E29E24E170E7000D8559 /* UserinfoHeader.swift in Sources */ = {isa = PBXBuildFile; fileRef = 7D88E29A24E170E6000D8559 /* UserinfoHeader.swift */; };
		7D88E29F24E170E7000D8559 /* MyViewController.swift in Sources */ = {isa = PBXBuildFile; fileRef = 7D88E29B24E170E7000D8559 /* MyViewController.swift */; };
		7D88E2A124E17DD3000D8559 /* HomeViewController.swift in Sources */ = {isa = PBXBuildFile; fileRef = 7D88E2A024E17DD3000D8559 /* HomeViewController.swift */; };
		7D88E2A324E17F32000D8559 /* HomeHeaderView.swift in Sources */ = {isa = PBXBuildFile; fileRef = 7D88E2A224E17F32000D8559 /* HomeHeaderView.swift */; };
		7DAF66B824DC477F00B68C6C /* PoingDesignSystem.framework in Frameworks */ = {isa = PBXBuildFile; fileRef = 7DDB4AC524DC2D6B008812CD /* PoingDesignSystem.framework */; };
		7DAF66B924DC477F00B68C6C /* PoingDesignSystem.framework in Embed Frameworks */ = {isa = PBXBuildFile; fileRef = 7DDB4AC524DC2D6B008812CD /* PoingDesignSystem.framework */; settings = {ATTRIBUTES = (CodeSignOnCopy, RemoveHeadersOnCopy, ); }; };
		7DAF66BC24DC478100B68C6C /* PoingVocaSubsystem.framework in Frameworks */ = {isa = PBXBuildFile; fileRef = 7DDB4AEA24DC2DF2008812CD /* PoingVocaSubsystem.framework */; };
		7DAF66BD24DC478100B68C6C /* PoingVocaSubsystem.framework in Embed Frameworks */ = {isa = PBXBuildFile; fileRef = 7DDB4AEA24DC2DF2008812CD /* PoingVocaSubsystem.framework */; settings = {ATTRIBUTES = (CodeSignOnCopy, RemoveHeadersOnCopy, ); }; };
		7DAF66C024DC478400B68C6C /* VocaGame.framework in Frameworks */ = {isa = PBXBuildFile; fileRef = CEFED47F24D5C8C2002E858C /* VocaGame.framework */; };
		7DAF66C124DC478400B68C6C /* VocaGame.framework in Embed Frameworks */ = {isa = PBXBuildFile; fileRef = CEFED47F24D5C8C2002E858C /* VocaGame.framework */; settings = {ATTRIBUTES = (CodeSignOnCopy, RemoveHeadersOnCopy, ); }; };
		7DDB4ACE24DC2D6B008812CD /* PoingDesignSystem.framework in Frameworks */ = {isa = PBXBuildFile; fileRef = 7DDB4AC524DC2D6B008812CD /* PoingDesignSystem.framework */; };
		7DDB4AD524DC2D6B008812CD /* PoingDesignSystemTests.swift in Sources */ = {isa = PBXBuildFile; fileRef = 7DDB4AD424DC2D6B008812CD /* PoingDesignSystemTests.swift */; };
		7DDB4AD724DC2D6B008812CD /* PoingDesignSystem.h in Headers */ = {isa = PBXBuildFile; fileRef = 7DDB4AC724DC2D6B008812CD /* PoingDesignSystem.h */; settings = {ATTRIBUTES = (Public, ); }; };
		7DDB4AF324DC2DF2008812CD /* PoingVocaSubsystem.framework in Frameworks */ = {isa = PBXBuildFile; fileRef = 7DDB4AEA24DC2DF2008812CD /* PoingVocaSubsystem.framework */; };
		7DDB4AFA24DC2DF2008812CD /* PoingVocaSubsystemTests.swift in Sources */ = {isa = PBXBuildFile; fileRef = 7DDB4AF924DC2DF2008812CD /* PoingVocaSubsystemTests.swift */; };
		7DDB4AFC24DC2DF2008812CD /* PoingVocaSubsystem.h in Headers */ = {isa = PBXBuildFile; fileRef = 7DDB4AEC24DC2DF2008812CD /* PoingVocaSubsystem.h */; settings = {ATTRIBUTES = (Public, ); }; };
		7DDB4B0F24DC2E1E008812CD /* AccentButton.swift in Sources */ = {isa = PBXBuildFile; fileRef = 7DDB4B0E24DC2E1E008812CD /* AccentButton.swift */; };
		7DDB4B1024DC2E1E008812CD /* NoticePopupViewController.swift in Sources */ = {isa = PBXBuildFile; fileRef = 7DDB4B0A24DC2E1D008812CD /* NoticePopupViewController.swift */; };
		7DDB4B1124DC2E1E008812CD /* UIColor+.swift in Sources */ = {isa = PBXBuildFile; fileRef = 7DDB4B0D24DC2E1E008812CD /* UIColor+.swift */; };
		7DDB4B1224DC2E1E008812CD /* UIFont+.swift in Sources */ = {isa = PBXBuildFile; fileRef = 7DDB4B0B24DC2E1D008812CD /* UIFont+.swift */; };
		7DDB4B1324DC2E1E008812CD /* VDSTextField.swift in Sources */ = {isa = PBXBuildFile; fileRef = 7DDB4B0C24DC2E1D008812CD /* VDSTextField.swift */; };
		7DDB4B1C24DC2E6E008812CD /* ManagedWord+CoreDataProperties.swift in Sources */ = {isa = PBXBuildFile; fileRef = 7DDB4B1924DC2E6D008812CD /* ManagedWord+CoreDataProperties.swift */; };
		7DDB4B1D24DC2E6E008812CD /* ManagedGroup+CoreDataClass.swift in Sources */ = {isa = PBXBuildFile; fileRef = 7DDB4B1B24DC2E6E008812CD /* ManagedGroup+CoreDataClass.swift */; };
		7DDB4B1E24DC2E6E008812CD /* VocaCoreDataManager.swift in Sources */ = {isa = PBXBuildFile; fileRef = 7DDB4B1724DC2E6D008812CD /* VocaCoreDataManager.swift */; };
		7DDB4B1F24DC2E6E008812CD /* VocaManager.swift in Sources */ = {isa = PBXBuildFile; fileRef = 7DDB4B1A24DC2E6D008812CD /* VocaManager.swift */; };
		7DDB4B2024DC2E6E008812CD /* ManagedWord+CoreDataClass.swift in Sources */ = {isa = PBXBuildFile; fileRef = 7DDB4B1824DC2E6D008812CD /* ManagedWord+CoreDataClass.swift */; };
		7DDB4B2124DC2E6E008812CD /* ManagedGroup+CoreDataProperties.swift in Sources */ = {isa = PBXBuildFile; fileRef = 7DDB4B1624DC2E6D008812CD /* ManagedGroup+CoreDataProperties.swift */; };
		7DDB4B3224DC337B008812CD /* LeftTitleNavigationView.swift in Sources */ = {isa = PBXBuildFile; fileRef = 7DDB4B0724DC2E0A008812CD /* LeftTitleNavigationView.swift */; };
		7DDB4B3324DC337E008812CD /* SideNavigationView.swift in Sources */ = {isa = PBXBuildFile; fileRef = 7DDB4B0824DC2E0A008812CD /* SideNavigationView.swift */; };
		7DE758D224DDBB0E001922C6 /* Notification.Name+.swift in Sources */ = {isa = PBXBuildFile; fileRef = 7DE758D124DDBB0E001922C6 /* Notification.Name+.swift */; };
		A91F18267FD4A3A62A3F5C72 /* Pods_PoingVocaSubsystem.framework in Frameworks */ = {isa = PBXBuildFile; fileRef = F70808E337B2129DF638A462 /* Pods_PoingVocaSubsystem.framework */; };
		CE1458F824D3193D004F2700 /* EditMyVocaGroupViewController.swift in Sources */ = {isa = PBXBuildFile; fileRef = CE1458F724D3193D004F2700 /* EditMyVocaGroupViewController.swift */; };
		CE1458FA24D319FC004F2700 /* EditMyVocaGroupCell.swift in Sources */ = {isa = PBXBuildFile; fileRef = CE1458F924D319FC004F2700 /* EditMyVocaGroupCell.swift */; };
		CE381A1124D1DE5B00FDEBAC /* MyVocaViewModel.swift in Sources */ = {isa = PBXBuildFile; fileRef = CE381A1024D1DE5B00FDEBAC /* MyVocaViewModel.swift */; };
		CE381A1324D1DECF00FDEBAC /* MyVocaGroupNameCell.swift in Sources */ = {isa = PBXBuildFile; fileRef = CE381A1224D1DECF00FDEBAC /* MyVocaGroupNameCell.swift */; };
		CE4401B824CF33E70093D04B /* MyVocaViewController.swift in Sources */ = {isa = PBXBuildFile; fileRef = CE4401B724CF33E70093D04B /* MyVocaViewController.swift */; };
		CE4401BA24CF35360093D04B /* TabbarViewController.swift in Sources */ = {isa = PBXBuildFile; fileRef = CE4401B924CF35360093D04B /* TabbarViewController.swift */; };
		CE84996B24D300D300D934C3 /* MyVocaGroupReusableView.swift in Sources */ = {isa = PBXBuildFile; fileRef = CE84996A24D300D300D934C3 /* MyVocaGroupReusableView.swift */; };
		CE8703C324D2F9FD00DDFAD4 /* UILabel+.swift in Sources */ = {isa = PBXBuildFile; fileRef = CE8703C224D2F9FD00DDFAD4 /* UILabel+.swift */; };
		CE8703C524D2FD9C00DDFAD4 /* MyVocaWordCell.swift in Sources */ = {isa = PBXBuildFile; fileRef = CE8703C424D2FD9C00DDFAD4 /* MyVocaWordCell.swift */; };
		CEF4C3BA24D3949E001AEE97 /* AddVocaViewController.swift in Sources */ = {isa = PBXBuildFile; fileRef = CEF4C3B924D3949E001AEE97 /* AddVocaViewController.swift */; };
		CEFED47324D45291002E858C /* GameViewController.swift in Sources */ = {isa = PBXBuildFile; fileRef = CEFED47224D45291002E858C /* GameViewController.swift */; };
		CEFED47524D5B236002E858C /* GameCell.swift in Sources */ = {isa = PBXBuildFile; fileRef = CEFED47424D5B236002E858C /* GameCell.swift */; };
		CEFED49124D5C8C2002E858C /* VocaGame.h in Headers */ = {isa = PBXBuildFile; fileRef = CEFED48124D5C8C2002E858C /* VocaGame.h */; settings = {ATTRIBUTES = (Public, ); }; };
		EA6BA5E0DA28CCF02D87124E /* Pods_Vocabulary.framework in Frameworks */ = {isa = PBXBuildFile; fileRef = 5AD6E985030682623744FE4E /* Pods_Vocabulary.framework */; };
/* End PBXBuildFile section */

/* Begin PBXContainerItemProxy section */
		7D6F9D0424E2EE3B005B6835 /* PBXContainerItemProxy */ = {
			isa = PBXContainerItemProxy;
			containerPortal = 7D276DF524BE05AF00CA4554 /* Project object */;
			proxyType = 1;
			remoteGlobalIDString = 7DDB4AC424DC2D6B008812CD;
			remoteInfo = PoingDesignSystem;
		};
		7DAF66BA24DC477F00B68C6C /* PBXContainerItemProxy */ = {
			isa = PBXContainerItemProxy;
			containerPortal = 7D276DF524BE05AF00CA4554 /* Project object */;
			proxyType = 1;
			remoteGlobalIDString = 7DDB4AC424DC2D6B008812CD;
			remoteInfo = PoingDesignSystem;
		};
		7DAF66BE24DC478100B68C6C /* PBXContainerItemProxy */ = {
			isa = PBXContainerItemProxy;
			containerPortal = 7D276DF524BE05AF00CA4554 /* Project object */;
			proxyType = 1;
			remoteGlobalIDString = 7DDB4AE924DC2DF2008812CD;
			remoteInfo = PoingVocaSubsystem;
		};
		7DAF66C224DC478400B68C6C /* PBXContainerItemProxy */ = {
			isa = PBXContainerItemProxy;
			containerPortal = 7D276DF524BE05AF00CA4554 /* Project object */;
			proxyType = 1;
			remoteGlobalIDString = CEFED47E24D5C8C2002E858C;
			remoteInfo = VocaGame;
		};
		7DDB4ACF24DC2D6B008812CD /* PBXContainerItemProxy */ = {
			isa = PBXContainerItemProxy;
			containerPortal = 7D276DF524BE05AF00CA4554 /* Project object */;
			proxyType = 1;
			remoteGlobalIDString = 7DDB4AC424DC2D6B008812CD;
			remoteInfo = PoingDesignSystem;
		};
		7DDB4AD124DC2D6B008812CD /* PBXContainerItemProxy */ = {
			isa = PBXContainerItemProxy;
			containerPortal = 7D276DF524BE05AF00CA4554 /* Project object */;
			proxyType = 1;
			remoteGlobalIDString = 7D276DFC24BE05AF00CA4554;
			remoteInfo = Vocabulary;
		};
		7DDB4AF424DC2DF2008812CD /* PBXContainerItemProxy */ = {
			isa = PBXContainerItemProxy;
			containerPortal = 7D276DF524BE05AF00CA4554 /* Project object */;
			proxyType = 1;
			remoteGlobalIDString = 7DDB4AE924DC2DF2008812CD;
			remoteInfo = PoingVocaSubsystem;
		};
		7DDB4AF624DC2DF2008812CD /* PBXContainerItemProxy */ = {
			isa = PBXContainerItemProxy;
			containerPortal = 7D276DF524BE05AF00CA4554 /* Project object */;
			proxyType = 1;
			remoteGlobalIDString = 7D276DFC24BE05AF00CA4554;
			remoteInfo = Vocabulary;
		};
/* End PBXContainerItemProxy section */

/* Begin PBXCopyFilesBuildPhase section */
		7D30807524D9A39D0001D850 /* Embed Frameworks */ = {
			isa = PBXCopyFilesBuildPhase;
			buildActionMask = 2147483647;
			dstPath = "";
			dstSubfolderSpec = 10;
			files = (
				7D6F9D0324E2EE3B005B6835 /* PoingDesignSystem.framework in Embed Frameworks */,
			);
			name = "Embed Frameworks";
			runOnlyForDeploymentPostprocessing = 0;
		};
		7DF7233A24DC452A00C9745F /* Embed Frameworks */ = {
			isa = PBXCopyFilesBuildPhase;
			buildActionMask = 2147483647;
			dstPath = "";
			dstSubfolderSpec = 10;
			files = (
				7DAF66C124DC478400B68C6C /* VocaGame.framework in Embed Frameworks */,
				7DAF66B924DC477F00B68C6C /* PoingDesignSystem.framework in Embed Frameworks */,
				7DAF66BD24DC478100B68C6C /* PoingVocaSubsystem.framework in Embed Frameworks */,
			);
			name = "Embed Frameworks";
			runOnlyForDeploymentPostprocessing = 0;
		};
/* End PBXCopyFilesBuildPhase section */

/* Begin PBXFileReference section */
		186E84C924D1462E0094E9EB /* BaseButton.swift */ = {isa = PBXFileReference; lastKnownFileType = sourcecode.swift; path = BaseButton.swift; sourceTree = "<group>"; };
		186E84CB24D15DFD0094E9EB /* AddWordViewController.swift */ = {isa = PBXFileReference; fileEncoding = 4; lastKnownFileType = sourcecode.swift; path = AddWordViewController.swift; sourceTree = "<group>"; };
		186E84CD24D15E150094E9EB /* AddWordNavigationView.swift */ = {isa = PBXFileReference; lastKnownFileType = sourcecode.swift; path = AddWordNavigationView.swift; sourceTree = "<group>"; };
		186E84E424D2DAC50094E9EB /* VocaForAllViewController.swift */ = {isa = PBXFileReference; fileEncoding = 4; lastKnownFileType = sourcecode.swift; name = VocaForAllViewController.swift; path = Vocabulary/VocaForAll/VocaForAllViewController.swift; sourceTree = SOURCE_ROOT; };
		186E84E624D2DB300094E9EB /* VocaForAllNavigationView.swift */ = {isa = PBXFileReference; lastKnownFileType = sourcecode.swift; name = VocaForAllNavigationView.swift; path = Vocabulary/VocaForAll/VocaForAllNavigationView.swift; sourceTree = SOURCE_ROOT; };
		186E84E824D2E2A30094E9EB /* VocaForAllCell.swift */ = {isa = PBXFileReference; lastKnownFileType = sourcecode.swift; name = VocaForAllCell.swift; path = Vocabulary/VocaForAll/VocaForAllCell.swift; sourceTree = SOURCE_ROOT; };
		1870799424D8120E0079E280 /* WordViewModel.swift */ = {isa = PBXFileReference; lastKnownFileType = sourcecode.swift; path = WordViewModel.swift; sourceTree = "<group>"; };
		187B024924D4065B008DBC8B /* VocaDetailViewController.swift */ = {isa = PBXFileReference; lastKnownFileType = sourcecode.swift; name = VocaDetailViewController.swift; path = Vocabulary/VacoForAll/Detail/VocaDetailViewController.swift; sourceTree = SOURCE_ROOT; };
		187B024B24D40968008DBC8B /* WordDetailCell.swift */ = {isa = PBXFileReference; lastKnownFileType = sourcecode.swift; name = WordDetailCell.swift; path = Vocabulary/VacoForAll/Detail/WordDetailCell.swift; sourceTree = SOURCE_ROOT; };
		187B024D24D41705008DBC8B /* VocaForAllModel.swift */ = {isa = PBXFileReference; lastKnownFileType = sourcecode.swift; name = VocaForAllModel.swift; path = Vocabulary/VocaForAll/VocaForAllModel.swift; sourceTree = SOURCE_ROOT; };
		2F9AD3A526916EA462BD8F5D /* Pods-Vocabulary.release.xcconfig */ = {isa = PBXFileReference; includeInIndex = 1; lastKnownFileType = text.xcconfig; name = "Pods-Vocabulary.release.xcconfig"; path = "Target Support Files/Pods-Vocabulary/Pods-Vocabulary.release.xcconfig"; sourceTree = "<group>"; };
		3058D476938174BA00AE76FD /* Pods-Vocabulary.debug.xcconfig */ = {isa = PBXFileReference; includeInIndex = 1; lastKnownFileType = text.xcconfig; name = "Pods-Vocabulary.debug.xcconfig"; path = "Target Support Files/Pods-Vocabulary/Pods-Vocabulary.debug.xcconfig"; sourceTree = "<group>"; };
		4478D4B7DA4E6BD69D08D8DE /* Pods_VocaGame.framework */ = {isa = PBXFileReference; explicitFileType = wrapper.framework; includeInIndex = 0; path = Pods_VocaGame.framework; sourceTree = BUILT_PRODUCTS_DIR; };
		5AD6E985030682623744FE4E /* Pods_Vocabulary.framework */ = {isa = PBXFileReference; explicitFileType = wrapper.framework; includeInIndex = 0; path = Pods_Vocabulary.framework; sourceTree = BUILT_PRODUCTS_DIR; };
		7C3389560DBDD00DE6B80C3E /* Pods-PoingDesignSystem.debug.xcconfig */ = {isa = PBXFileReference; includeInIndex = 1; lastKnownFileType = text.xcconfig; name = "Pods-PoingDesignSystem.debug.xcconfig"; path = "Target Support Files/Pods-PoingDesignSystem/Pods-PoingDesignSystem.debug.xcconfig"; sourceTree = "<group>"; };
		7D14050724DE5F8E00F57260 /* EditMyVocaGroupViewModel.swift */ = {isa = PBXFileReference; lastKnownFileType = sourcecode.swift; path = EditMyVocaGroupViewModel.swift; sourceTree = "<group>"; };
		7D16CBB824E5805500C95F8D /* BalsamiqSansBold.ttf */ = {isa = PBXFileReference; lastKnownFileType = file; path = BalsamiqSansBold.ttf; sourceTree = "<group>"; };
		7D16CBC124E8D6AC00C95F8D /* FlipCardViewDataSource.swift */ = {isa = PBXFileReference; fileEncoding = 4; lastKnownFileType = sourcecode.swift; path = FlipCardViewDataSource.swift; sourceTree = "<group>"; };
		7D16CBC224E8D6AC00C95F8D /* FlipCardViewDelegate.swift */ = {isa = PBXFileReference; fileEncoding = 4; lastKnownFileType = sourcecode.swift; path = FlipCardViewDelegate.swift; sourceTree = "<group>"; };
		7D16CBC424E8D6AC00C95F8D /* CardsDataModel.swift */ = {isa = PBXFileReference; fileEncoding = 4; lastKnownFileType = sourcecode.swift; path = CardsDataModel.swift; sourceTree = "<group>"; };
		7D16CBC624E8D6AC00C95F8D /* StackContainerView.swift */ = {isa = PBXFileReference; fileEncoding = 4; lastKnownFileType = sourcecode.swift; path = StackContainerView.swift; sourceTree = "<group>"; };
		7D16CBC724E8D6AC00C95F8D /* FlipCardView.swift */ = {isa = PBXFileReference; fileEncoding = 4; lastKnownFileType = sourcecode.swift; path = FlipCardView.swift; sourceTree = "<group>"; };
		7D16CBCA24E8D6AC00C95F8D /* FlipGameViewController.swift */ = {isa = PBXFileReference; fileEncoding = 4; lastKnownFileType = sourcecode.swift; path = FlipGameViewController.swift; sourceTree = "<group>"; };
		7D16CBCC24E8D6AD00C95F8D /* CardCell.swift */ = {isa = PBXFileReference; fileEncoding = 4; lastKnownFileType = sourcecode.swift; path = CardCell.swift; sourceTree = "<group>"; };
		7D16CBCD24E8D6AD00C95F8D /* CardMatchingViewController.swift */ = {isa = PBXFileReference; fileEncoding = 4; lastKnownFileType = sourcecode.swift; path = CardMatchingViewController.swift; sourceTree = "<group>"; };
		7D16CBCF24E8D6AD00C95F8D /* ImageWord.swift */ = {isa = PBXFileReference; fileEncoding = 4; lastKnownFileType = sourcecode.swift; path = ImageWord.swift; sourceTree = "<group>"; };
		7D16CBD024E8D6AD00C95F8D /* CardMatching.swift */ = {isa = PBXFileReference; fileEncoding = 4; lastKnownFileType = sourcecode.swift; path = CardMatching.swift; sourceTree = "<group>"; };
		7D276DFD24BE05AF00CA4554 /* 포잉포잉.app */ = {isa = PBXFileReference; explicitFileType = wrapper.application; includeInIndex = 0; path = "포잉포잉.app"; sourceTree = BUILT_PRODUCTS_DIR; };
		7D276E0024BE05AF00CA4554 /* AppDelegate.swift */ = {isa = PBXFileReference; lastKnownFileType = sourcecode.swift; path = AppDelegate.swift; sourceTree = "<group>"; };
		7D276E0924BE05B200CA4554 /* Assets.xcassets */ = {isa = PBXFileReference; lastKnownFileType = folder.assetcatalog; path = Assets.xcassets; sourceTree = "<group>"; };
		7D276E0C24BE05B200CA4554 /* Base */ = {isa = PBXFileReference; lastKnownFileType = file.storyboard; name = Base; path = Base.lproj/LaunchScreen.storyboard; sourceTree = "<group>"; };
		7D276E0E24BE05B200CA4554 /* Info.plist */ = {isa = PBXFileReference; lastKnownFileType = text.plist.xml; path = Info.plist; sourceTree = "<group>"; };
		7D477D7424E19172004A7F17 /* MyVocaEmptyCell.swift */ = {isa = PBXFileReference; lastKnownFileType = sourcecode.swift; path = MyVocaEmptyCell.swift; sourceTree = "<group>"; };
		7D477D7624E193C9004A7F17 /* CALayer+.swift */ = {isa = PBXFileReference; lastKnownFileType = sourcecode.swift; path = "CALayer+.swift"; sourceTree = "<group>"; };
		7D477D7824E2BFE6004A7F17 /* ProgressBarNavigationView.swift */ = {isa = PBXFileReference; lastKnownFileType = sourcecode.swift; path = ProgressBarNavigationView.swift; sourceTree = "<group>"; };
		7D477D7A24E2C3C7004A7F17 /* Media.xcassets */ = {isa = PBXFileReference; lastKnownFileType = folder.assetcatalog; path = Media.xcassets; sourceTree = "<group>"; };
		7D7F602124F16387007021C6 /* Load.xcdatamodel */ = {isa = PBXFileReference; lastKnownFileType = wrapper.xcdatamodel; path = Load.xcdatamodel; sourceTree = "<group>"; };
		7D88E29424E170C4000D8559 /* ScreenView.swift */ = {isa = PBXFileReference; fileEncoding = 4; lastKnownFileType = sourcecode.swift; path = ScreenView.swift; sourceTree = "<group>"; };
		7D88E29524E170C4000D8559 /* TakePictureController.swift */ = {isa = PBXFileReference; fileEncoding = 4; lastKnownFileType = sourcecode.swift; path = TakePictureController.swift; sourceTree = "<group>"; };
		7D88E29824E170E6000D8559 /* settingCell.swift */ = {isa = PBXFileReference; fileEncoding = 4; lastKnownFileType = sourcecode.swift; path = settingCell.swift; sourceTree = "<group>"; };
		7D88E29924E170E6000D8559 /* SettingSection.swift */ = {isa = PBXFileReference; fileEncoding = 4; lastKnownFileType = sourcecode.swift; path = SettingSection.swift; sourceTree = "<group>"; };
		7D88E29A24E170E6000D8559 /* UserinfoHeader.swift */ = {isa = PBXFileReference; fileEncoding = 4; lastKnownFileType = sourcecode.swift; path = UserinfoHeader.swift; sourceTree = "<group>"; };
		7D88E29B24E170E7000D8559 /* MyViewController.swift */ = {isa = PBXFileReference; fileEncoding = 4; lastKnownFileType = sourcecode.swift; path = MyViewController.swift; sourceTree = "<group>"; };
		7D88E2A024E17DD3000D8559 /* HomeViewController.swift */ = {isa = PBXFileReference; lastKnownFileType = sourcecode.swift; path = HomeViewController.swift; sourceTree = "<group>"; };
		7D88E2A224E17F32000D8559 /* HomeHeaderView.swift */ = {isa = PBXFileReference; lastKnownFileType = sourcecode.swift; path = HomeHeaderView.swift; sourceTree = "<group>"; };
		7DDB4AC524DC2D6B008812CD /* PoingDesignSystem.framework */ = {isa = PBXFileReference; explicitFileType = wrapper.framework; includeInIndex = 0; path = PoingDesignSystem.framework; sourceTree = BUILT_PRODUCTS_DIR; };
		7DDB4AC724DC2D6B008812CD /* PoingDesignSystem.h */ = {isa = PBXFileReference; lastKnownFileType = sourcecode.c.h; path = PoingDesignSystem.h; sourceTree = "<group>"; };
		7DDB4AC824DC2D6B008812CD /* Info.plist */ = {isa = PBXFileReference; lastKnownFileType = text.plist.xml; path = Info.plist; sourceTree = "<group>"; };
		7DDB4ACD24DC2D6B008812CD /* PoingDesignSystemTests.xctest */ = {isa = PBXFileReference; explicitFileType = wrapper.cfbundle; includeInIndex = 0; path = PoingDesignSystemTests.xctest; sourceTree = BUILT_PRODUCTS_DIR; };
		7DDB4AD424DC2D6B008812CD /* PoingDesignSystemTests.swift */ = {isa = PBXFileReference; lastKnownFileType = sourcecode.swift; path = PoingDesignSystemTests.swift; sourceTree = "<group>"; };
		7DDB4AD624DC2D6B008812CD /* Info.plist */ = {isa = PBXFileReference; lastKnownFileType = text.plist.xml; path = Info.plist; sourceTree = "<group>"; };
		7DDB4AEA24DC2DF2008812CD /* PoingVocaSubsystem.framework */ = {isa = PBXFileReference; explicitFileType = wrapper.framework; includeInIndex = 0; path = PoingVocaSubsystem.framework; sourceTree = BUILT_PRODUCTS_DIR; };
		7DDB4AEC24DC2DF2008812CD /* PoingVocaSubsystem.h */ = {isa = PBXFileReference; lastKnownFileType = sourcecode.c.h; path = PoingVocaSubsystem.h; sourceTree = "<group>"; };
		7DDB4AED24DC2DF2008812CD /* Info.plist */ = {isa = PBXFileReference; lastKnownFileType = text.plist.xml; path = Info.plist; sourceTree = "<group>"; };
		7DDB4AF224DC2DF2008812CD /* PoingVocaSubsystemTests.xctest */ = {isa = PBXFileReference; explicitFileType = wrapper.cfbundle; includeInIndex = 0; path = PoingVocaSubsystemTests.xctest; sourceTree = BUILT_PRODUCTS_DIR; };
		7DDB4AF924DC2DF2008812CD /* PoingVocaSubsystemTests.swift */ = {isa = PBXFileReference; lastKnownFileType = sourcecode.swift; path = PoingVocaSubsystemTests.swift; sourceTree = "<group>"; };
		7DDB4AFB24DC2DF2008812CD /* Info.plist */ = {isa = PBXFileReference; lastKnownFileType = text.plist.xml; path = Info.plist; sourceTree = "<group>"; };
		7DDB4B0724DC2E0A008812CD /* LeftTitleNavigationView.swift */ = {isa = PBXFileReference; lastKnownFileType = sourcecode.swift; path = LeftTitleNavigationView.swift; sourceTree = "<group>"; };
		7DDB4B0824DC2E0A008812CD /* SideNavigationView.swift */ = {isa = PBXFileReference; lastKnownFileType = sourcecode.swift; path = SideNavigationView.swift; sourceTree = "<group>"; };
		7DDB4B0A24DC2E1D008812CD /* NoticePopupViewController.swift */ = {isa = PBXFileReference; lastKnownFileType = sourcecode.swift; path = NoticePopupViewController.swift; sourceTree = "<group>"; };
		7DDB4B0B24DC2E1D008812CD /* UIFont+.swift */ = {isa = PBXFileReference; lastKnownFileType = sourcecode.swift; path = "UIFont+.swift"; sourceTree = "<group>"; };
		7DDB4B0C24DC2E1D008812CD /* VDSTextField.swift */ = {isa = PBXFileReference; lastKnownFileType = sourcecode.swift; path = VDSTextField.swift; sourceTree = "<group>"; };
		7DDB4B0D24DC2E1E008812CD /* UIColor+.swift */ = {isa = PBXFileReference; lastKnownFileType = sourcecode.swift; path = "UIColor+.swift"; sourceTree = "<group>"; };
		7DDB4B0E24DC2E1E008812CD /* AccentButton.swift */ = {isa = PBXFileReference; lastKnownFileType = sourcecode.swift; path = AccentButton.swift; sourceTree = "<group>"; };
		7DDB4B1424DC2E67008812CD /* Voca.xcdatamodel */ = {isa = PBXFileReference; lastKnownFileType = wrapper.xcdatamodel; path = Voca.xcdatamodel; sourceTree = "<group>"; };
		7DDB4B1624DC2E6D008812CD /* ManagedGroup+CoreDataProperties.swift */ = {isa = PBXFileReference; lastKnownFileType = sourcecode.swift; path = "ManagedGroup+CoreDataProperties.swift"; sourceTree = "<group>"; };
		7DDB4B1724DC2E6D008812CD /* VocaCoreDataManager.swift */ = {isa = PBXFileReference; lastKnownFileType = sourcecode.swift; path = VocaCoreDataManager.swift; sourceTree = "<group>"; };
		7DDB4B1824DC2E6D008812CD /* ManagedWord+CoreDataClass.swift */ = {isa = PBXFileReference; lastKnownFileType = sourcecode.swift; path = "ManagedWord+CoreDataClass.swift"; sourceTree = "<group>"; };
		7DDB4B1924DC2E6D008812CD /* ManagedWord+CoreDataProperties.swift */ = {isa = PBXFileReference; lastKnownFileType = sourcecode.swift; path = "ManagedWord+CoreDataProperties.swift"; sourceTree = "<group>"; };
		7DDB4B1A24DC2E6D008812CD /* VocaManager.swift */ = {isa = PBXFileReference; lastKnownFileType = sourcecode.swift; path = VocaManager.swift; sourceTree = "<group>"; };
		7DDB4B1B24DC2E6E008812CD /* ManagedGroup+CoreDataClass.swift */ = {isa = PBXFileReference; lastKnownFileType = sourcecode.swift; path = "ManagedGroup+CoreDataClass.swift"; sourceTree = "<group>"; };
		7DE758D124DDBB0E001922C6 /* Notification.Name+.swift */ = {isa = PBXFileReference; lastKnownFileType = sourcecode.swift; path = "Notification.Name+.swift"; sourceTree = "<group>"; };
		94DF691E8589FC4D1A442062 /* Pods-VocaGame.debug.xcconfig */ = {isa = PBXFileReference; includeInIndex = 1; lastKnownFileType = text.xcconfig; name = "Pods-VocaGame.debug.xcconfig"; path = "Target Support Files/Pods-VocaGame/Pods-VocaGame.debug.xcconfig"; sourceTree = "<group>"; };
		CE1458F724D3193D004F2700 /* EditMyVocaGroupViewController.swift */ = {isa = PBXFileReference; lastKnownFileType = sourcecode.swift; path = EditMyVocaGroupViewController.swift; sourceTree = "<group>"; };
		CE1458F924D319FC004F2700 /* EditMyVocaGroupCell.swift */ = {isa = PBXFileReference; lastKnownFileType = sourcecode.swift; path = EditMyVocaGroupCell.swift; sourceTree = "<group>"; };
		CE381A1024D1DE5B00FDEBAC /* MyVocaViewModel.swift */ = {isa = PBXFileReference; lastKnownFileType = sourcecode.swift; path = MyVocaViewModel.swift; sourceTree = "<group>"; };
		CE381A1224D1DECF00FDEBAC /* MyVocaGroupNameCell.swift */ = {isa = PBXFileReference; lastKnownFileType = sourcecode.swift; path = MyVocaGroupNameCell.swift; sourceTree = "<group>"; };
		CE4401A424CF32570093D04B /* Vocabulary.entitlements */ = {isa = PBXFileReference; lastKnownFileType = text.plist.entitlements; path = Vocabulary.entitlements; sourceTree = "<group>"; };
		CE4401A524CF325F0093D04B /* CloudKit.framework */ = {isa = PBXFileReference; lastKnownFileType = wrapper.framework; name = CloudKit.framework; path = System/Library/Frameworks/CloudKit.framework; sourceTree = SDKROOT; };
		CE4401B724CF33E70093D04B /* MyVocaViewController.swift */ = {isa = PBXFileReference; lastKnownFileType = sourcecode.swift; path = MyVocaViewController.swift; sourceTree = "<group>"; };
		CE4401B924CF35360093D04B /* TabbarViewController.swift */ = {isa = PBXFileReference; lastKnownFileType = sourcecode.swift; path = TabbarViewController.swift; sourceTree = "<group>"; };
		CE84996A24D300D300D934C3 /* MyVocaGroupReusableView.swift */ = {isa = PBXFileReference; lastKnownFileType = sourcecode.swift; path = MyVocaGroupReusableView.swift; sourceTree = "<group>"; };
		CE8703C224D2F9FD00DDFAD4 /* UILabel+.swift */ = {isa = PBXFileReference; lastKnownFileType = sourcecode.swift; path = "UILabel+.swift"; sourceTree = "<group>"; };
		CE8703C424D2FD9C00DDFAD4 /* MyVocaWordCell.swift */ = {isa = PBXFileReference; lastKnownFileType = sourcecode.swift; path = MyVocaWordCell.swift; sourceTree = "<group>"; };
		CEF4C3B924D3949E001AEE97 /* AddVocaViewController.swift */ = {isa = PBXFileReference; lastKnownFileType = sourcecode.swift; path = AddVocaViewController.swift; sourceTree = "<group>"; };
		CEFED47224D45291002E858C /* GameViewController.swift */ = {isa = PBXFileReference; lastKnownFileType = sourcecode.swift; name = GameViewController.swift; path = Vocabulary/Game/GameViewController.swift; sourceTree = SOURCE_ROOT; };
		CEFED47424D5B236002E858C /* GameCell.swift */ = {isa = PBXFileReference; lastKnownFileType = sourcecode.swift; name = GameCell.swift; path = Vocabulary/Game/GameCell.swift; sourceTree = SOURCE_ROOT; };
		CEFED47F24D5C8C2002E858C /* VocaGame.framework */ = {isa = PBXFileReference; explicitFileType = wrapper.framework; includeInIndex = 0; path = VocaGame.framework; sourceTree = BUILT_PRODUCTS_DIR; };
		CEFED48124D5C8C2002E858C /* VocaGame.h */ = {isa = PBXFileReference; lastKnownFileType = sourcecode.c.h; path = VocaGame.h; sourceTree = "<group>"; };
		CEFED48224D5C8C2002E858C /* Info.plist */ = {isa = PBXFileReference; lastKnownFileType = text.plist.xml; path = Info.plist; sourceTree = "<group>"; };
		D78FA8B0F97BA5424E34FE48 /* Pods-PoingVocaSubsystem.release.xcconfig */ = {isa = PBXFileReference; includeInIndex = 1; lastKnownFileType = text.xcconfig; name = "Pods-PoingVocaSubsystem.release.xcconfig"; path = "Target Support Files/Pods-PoingVocaSubsystem/Pods-PoingVocaSubsystem.release.xcconfig"; sourceTree = "<group>"; };
		D89B86DD235D0CF741AA0904 /* Pods-PoingDesignSystem.release.xcconfig */ = {isa = PBXFileReference; includeInIndex = 1; lastKnownFileType = text.xcconfig; name = "Pods-PoingDesignSystem.release.xcconfig"; path = "Target Support Files/Pods-PoingDesignSystem/Pods-PoingDesignSystem.release.xcconfig"; sourceTree = "<group>"; };
		E2F94FFE2D606B057B22ACAC /* Pods-VocaGame.release.xcconfig */ = {isa = PBXFileReference; includeInIndex = 1; lastKnownFileType = text.xcconfig; name = "Pods-VocaGame.release.xcconfig"; path = "Target Support Files/Pods-VocaGame/Pods-VocaGame.release.xcconfig"; sourceTree = "<group>"; };
		E3E245CC75C9082757CB5D26 /* Pods-PoingVocaSubsystem.debug.xcconfig */ = {isa = PBXFileReference; includeInIndex = 1; lastKnownFileType = text.xcconfig; name = "Pods-PoingVocaSubsystem.debug.xcconfig"; path = "Target Support Files/Pods-PoingVocaSubsystem/Pods-PoingVocaSubsystem.debug.xcconfig"; sourceTree = "<group>"; };
		ED704EC38B4DD6954EB8967E /* Pods_PoingDesignSystem.framework */ = {isa = PBXFileReference; explicitFileType = wrapper.framework; includeInIndex = 0; path = Pods_PoingDesignSystem.framework; sourceTree = BUILT_PRODUCTS_DIR; };
		F70808E337B2129DF638A462 /* Pods_PoingVocaSubsystem.framework */ = {isa = PBXFileReference; explicitFileType = wrapper.framework; includeInIndex = 0; path = Pods_PoingVocaSubsystem.framework; sourceTree = BUILT_PRODUCTS_DIR; };
/* End PBXFileReference section */

/* Begin PBXFrameworksBuildPhase section */
		7D276DFA24BE05AF00CA4554 /* Frameworks */ = {
			isa = PBXFrameworksBuildPhase;
			buildActionMask = 2147483647;
			files = (
				7DAF66C024DC478400B68C6C /* VocaGame.framework in Frameworks */,
				7DAF66B824DC477F00B68C6C /* PoingDesignSystem.framework in Frameworks */,
				7DAF66BC24DC478100B68C6C /* PoingVocaSubsystem.framework in Frameworks */,
				7D492D4B24D988B9000B8F43 /* CloudKit.framework in Frameworks */,
				EA6BA5E0DA28CCF02D87124E /* Pods_Vocabulary.framework in Frameworks */,
			);
			runOnlyForDeploymentPostprocessing = 0;
		};
		7DDB4AC224DC2D6B008812CD /* Frameworks */ = {
			isa = PBXFrameworksBuildPhase;
			buildActionMask = 2147483647;
			files = (
				1238287CFA7BC45ADFF42843 /* Pods_PoingDesignSystem.framework in Frameworks */,
			);
			runOnlyForDeploymentPostprocessing = 0;
		};
		7DDB4ACA24DC2D6B008812CD /* Frameworks */ = {
			isa = PBXFrameworksBuildPhase;
			buildActionMask = 2147483647;
			files = (
				7DDB4ACE24DC2D6B008812CD /* PoingDesignSystem.framework in Frameworks */,
			);
			runOnlyForDeploymentPostprocessing = 0;
		};
		7DDB4AE724DC2DF2008812CD /* Frameworks */ = {
			isa = PBXFrameworksBuildPhase;
			buildActionMask = 2147483647;
			files = (
				A91F18267FD4A3A62A3F5C72 /* Pods_PoingVocaSubsystem.framework in Frameworks */,
			);
			runOnlyForDeploymentPostprocessing = 0;
		};
		7DDB4AEF24DC2DF2008812CD /* Frameworks */ = {
			isa = PBXFrameworksBuildPhase;
			buildActionMask = 2147483647;
			files = (
				7DDB4AF324DC2DF2008812CD /* PoingVocaSubsystem.framework in Frameworks */,
			);
			runOnlyForDeploymentPostprocessing = 0;
		};
		CEFED47C24D5C8C2002E858C /* Frameworks */ = {
			isa = PBXFrameworksBuildPhase;
			buildActionMask = 2147483647;
			files = (
				060A2BFF3328CFC53FBFBE42 /* Pods_VocaGame.framework in Frameworks */,
				7D6F9D0224E2EE3B005B6835 /* PoingDesignSystem.framework in Frameworks */,
			);
			runOnlyForDeploymentPostprocessing = 0;
		};
/* End PBXFrameworksBuildPhase section */

/* Begin PBXGroup section */
		186E84C824D146110094E9EB /* View */ = {
			isa = PBXGroup;
			children = (
				186E84C924D1462E0094E9EB /* BaseButton.swift */,
			);
			path = View;
			sourceTree = "<group>";
		};
		1870799324D8113A0079E280 /* Detail */ = {
			isa = PBXGroup;
			children = (
				187B024B24D40968008DBC8B /* WordDetailCell.swift */,
				187B024924D4065B008DBC8B /* VocaDetailViewController.swift */,
				1870799424D8120E0079E280 /* WordViewModel.swift */,
			);
			path = Detail;
			sourceTree = "<group>";
		};
		7C5637AC6CE1EDE31F81695F /* Frameworks */ = {
			isa = PBXGroup;
			children = (
				CE4401A524CF325F0093D04B /* CloudKit.framework */,
				ED704EC38B4DD6954EB8967E /* Pods_PoingDesignSystem.framework */,
				F70808E337B2129DF638A462 /* Pods_PoingVocaSubsystem.framework */,
				4478D4B7DA4E6BD69D08D8DE /* Pods_VocaGame.framework */,
				5AD6E985030682623744FE4E /* Pods_Vocabulary.framework */,
			);
			name = Frameworks;
			sourceTree = "<group>";
		};
		7D16CBB724E5804400C95F8D /* Resources */ = {
			isa = PBXGroup;
			children = (
				7D16CBB824E5805500C95F8D /* BalsamiqSansBold.ttf */,
			);
			path = Resources;
			sourceTree = "<group>";
		};
		7D16CBBE24E8D6AC00C95F8D /* Flip */ = {
			isa = PBXGroup;
			children = (
				7D16CBBF24E8D6AC00C95F8D /* Utils */,
				7D16CBC324E8D6AC00C95F8D /* Model */,
				7D16CBC524E8D6AC00C95F8D /* View */,
				7D16CBC824E8D6AC00C95F8D /* Controllers */,
			);
			path = Flip;
			sourceTree = "<group>";
		};
		7D16CBBF24E8D6AC00C95F8D /* Utils */ = {
			isa = PBXGroup;
			children = (
				7D16CBC124E8D6AC00C95F8D /* FlipCardViewDataSource.swift */,
				7D16CBC224E8D6AC00C95F8D /* FlipCardViewDelegate.swift */,
			);
			path = Utils;
			sourceTree = "<group>";
		};
		7D16CBC324E8D6AC00C95F8D /* Model */ = {
			isa = PBXGroup;
			children = (
				7D16CBC424E8D6AC00C95F8D /* CardsDataModel.swift */,
			);
			path = Model;
			sourceTree = "<group>";
		};
		7D16CBC524E8D6AC00C95F8D /* View */ = {
			isa = PBXGroup;
			children = (
				7D16CBC624E8D6AC00C95F8D /* StackContainerView.swift */,
				7D16CBC724E8D6AC00C95F8D /* FlipCardView.swift */,
			);
			path = View;
			sourceTree = "<group>";
		};
		7D16CBC824E8D6AC00C95F8D /* Controllers */ = {
			isa = PBXGroup;
			children = (
				7D16CBCA24E8D6AC00C95F8D /* FlipGameViewController.swift */,
			);
			path = Controllers;
			sourceTree = "<group>";
		};
		7D16CBCB24E8D6AD00C95F8D /* Matching */ = {
			isa = PBXGroup;
			children = (
				7D16CBCC24E8D6AD00C95F8D /* CardCell.swift */,
				7D16CBCD24E8D6AD00C95F8D /* CardMatchingViewController.swift */,
				7D16CBCE24E8D6AD00C95F8D /* Model */,
			);
			path = Matching;
			sourceTree = "<group>";
		};
		7D16CBCE24E8D6AD00C95F8D /* Model */ = {
			isa = PBXGroup;
			children = (
				7D16CBCF24E8D6AD00C95F8D /* ImageWord.swift */,
				7D16CBD024E8D6AD00C95F8D /* CardMatching.swift */,
			);
			path = Model;
			sourceTree = "<group>";
		};
		7D276DF424BE05AF00CA4554 = {
			isa = PBXGroup;
			children = (
				7D276DFF24BE05AF00CA4554 /* Vocabulary */,
				CEFED48024D5C8C2002E858C /* VocaGame */,
				7DDB4AC624DC2D6B008812CD /* PoingDesignSystem */,
				7DDB4AD324DC2D6B008812CD /* PoingDesignSystemTests */,
				7DDB4AEB24DC2DF2008812CD /* PoingVocaSubsystem */,
				7DDB4AF824DC2DF2008812CD /* PoingVocaSubsystemTests */,
				7D276DFE24BE05AF00CA4554 /* Products */,
				DCBEF7D8D78A53C7ED1BCF92 /* Pods */,
				7C5637AC6CE1EDE31F81695F /* Frameworks */,
			);
			sourceTree = "<group>";
		};
		7D276DFE24BE05AF00CA4554 /* Products */ = {
			isa = PBXGroup;
			children = (
				7D276DFD24BE05AF00CA4554 /* 포잉포잉.app */,
				CEFED47F24D5C8C2002E858C /* VocaGame.framework */,
				7DDB4AC524DC2D6B008812CD /* PoingDesignSystem.framework */,
				7DDB4ACD24DC2D6B008812CD /* PoingDesignSystemTests.xctest */,
				7DDB4AEA24DC2DF2008812CD /* PoingVocaSubsystem.framework */,
				7DDB4AF224DC2DF2008812CD /* PoingVocaSubsystemTests.xctest */,
			);
			name = Products;
			sourceTree = "<group>";
		};
		7D276DFF24BE05AF00CA4554 /* Vocabulary */ = {
			isa = PBXGroup;
			children = (
				CEFED47624D5BAC7002E858C /* Game */,
				CE8703C124D2F9F100DDFAD4 /* Utills */,
				186E84C824D146110094E9EB /* View */,
				CE4401A424CF32570093D04B /* Vocabulary.entitlements */,
				CE6C9B6324CF2DDB0068C3BB /* Model */,
				CE6C9B6124CF2D870068C3BB /* AddWord */,
				CE6C9B5F24CF2D790068C3BB /* My */,
				CE6C9B5E24CF2D3F0068C3BB /* VacoForAll */,
				CE6C9B5D24CF2D380068C3BB /* MyVoca */,
				7D276E4E24BE12FC00CA4554 /* Resource */,
				7D276E0E24BE05B200CA4554 /* Info.plist */,
				7D276E0024BE05AF00CA4554 /* AppDelegate.swift */,
				CE4401B924CF35360093D04B /* TabbarViewController.swift */,
				7D276E0B24BE05B200CA4554 /* LaunchScreen.storyboard */,
			);
			path = Vocabulary;
			sourceTree = "<group>";
		};
		7D276E4E24BE12FC00CA4554 /* Resource */ = {
			isa = PBXGroup;
			children = (
				7D276E0924BE05B200CA4554 /* Assets.xcassets */,
			);
			path = Resource;
			sourceTree = "<group>";
		};
		7DDB4AC624DC2D6B008812CD /* PoingDesignSystem */ = {
			isa = PBXGroup;
			children = (
				7D16CBB724E5804400C95F8D /* Resources */,
				7D477D7624E193C9004A7F17 /* CALayer+.swift */,
				7DDB4AC724DC2D6B008812CD /* PoingDesignSystem.h */,
				7DDB4AC824DC2D6B008812CD /* Info.plist */,
				7DDB4B0E24DC2E1E008812CD /* AccentButton.swift */,
				7DDB4B0A24DC2E1D008812CD /* NoticePopupViewController.swift */,
				7DDB4B0D24DC2E1E008812CD /* UIColor+.swift */,
				7DDB4B0B24DC2E1D008812CD /* UIFont+.swift */,
				7DDB4B0C24DC2E1D008812CD /* VDSTextField.swift */,
				7DDB4B0924DC2E0A008812CD /* NavigationView */,
			);
			path = PoingDesignSystem;
			sourceTree = "<group>";
		};
		7DDB4AD324DC2D6B008812CD /* PoingDesignSystemTests */ = {
			isa = PBXGroup;
			children = (
				7DDB4AD424DC2D6B008812CD /* PoingDesignSystemTests.swift */,
				7DDB4AD624DC2D6B008812CD /* Info.plist */,
			);
			path = PoingDesignSystemTests;
			sourceTree = "<group>";
		};
		7DDB4AEB24DC2DF2008812CD /* PoingVocaSubsystem */ = {
			isa = PBXGroup;
			children = (
				7DE758D024DDBAFF001922C6 /* Utills */,
				7DDB4B1724DC2E6D008812CD /* VocaCoreDataManager.swift */,
				7DDB4B1A24DC2E6D008812CD /* VocaManager.swift */,
				7DDB4B1B24DC2E6E008812CD /* ManagedGroup+CoreDataClass.swift */,
				7DDB4B1624DC2E6D008812CD /* ManagedGroup+CoreDataProperties.swift */,
				7DDB4B1824DC2E6D008812CD /* ManagedWord+CoreDataClass.swift */,
				7DDB4B1924DC2E6D008812CD /* ManagedWord+CoreDataProperties.swift */,
				7DDB4B1524DC2E67008812CD /* Voca.xcdatamodeld */,
				7DDB4AEC24DC2DF2008812CD /* PoingVocaSubsystem.h */,
				7DDB4AED24DC2DF2008812CD /* Info.plist */,
				7D7F602024F16387007021C6 /* Load.xcdatamodeld */,
			);
			path = PoingVocaSubsystem;
			sourceTree = "<group>";
		};
		7DDB4AF824DC2DF2008812CD /* PoingVocaSubsystemTests */ = {
			isa = PBXGroup;
			children = (
				7DDB4AF924DC2DF2008812CD /* PoingVocaSubsystemTests.swift */,
				7DDB4AFB24DC2DF2008812CD /* Info.plist */,
			);
			path = PoingVocaSubsystemTests;
			sourceTree = "<group>";
		};
		7DDB4B0924DC2E0A008812CD /* NavigationView */ = {
			isa = PBXGroup;
			children = (
				7DDB4B0724DC2E0A008812CD /* LeftTitleNavigationView.swift */,
				7DDB4B0824DC2E0A008812CD /* SideNavigationView.swift */,
			);
			path = NavigationView;
			sourceTree = "<group>";
		};
		7DE758D024DDBAFF001922C6 /* Utills */ = {
			isa = PBXGroup;
			children = (
				7DE758D124DDBB0E001922C6 /* Notification.Name+.swift */,
			);
			path = Utills;
			sourceTree = "<group>";
		};
		CE6C9B5D24CF2D380068C3BB /* MyVoca */ = {
			isa = PBXGroup;
			children = (
				CEF4C3B924D3949E001AEE97 /* AddVocaViewController.swift */,
				CE1458F924D319FC004F2700 /* EditMyVocaGroupCell.swift */,
				CE1458F724D3193D004F2700 /* EditMyVocaGroupViewController.swift */,
				7D14050724DE5F8E00F57260 /* EditMyVocaGroupViewModel.swift */,
				7D88E2A224E17F32000D8559 /* HomeHeaderView.swift */,
				7D88E2A024E17DD3000D8559 /* HomeViewController.swift */,
				7D477D7424E19172004A7F17 /* MyVocaEmptyCell.swift */,
				CE381A1224D1DECF00FDEBAC /* MyVocaGroupNameCell.swift */,
				CE84996A24D300D300D934C3 /* MyVocaGroupReusableView.swift */,
				CE4401B724CF33E70093D04B /* MyVocaViewController.swift */,
				CE381A1024D1DE5B00FDEBAC /* MyVocaViewModel.swift */,
				CE8703C424D2FD9C00DDFAD4 /* MyVocaWordCell.swift */,
			);
			path = MyVoca;
			sourceTree = "<group>";
		};
		CE6C9B5E24CF2D3F0068C3BB /* VacoForAll */ = {
			isa = PBXGroup;
			children = (
				1870799324D8113A0079E280 /* Detail */,
				186E84E424D2DAC50094E9EB /* VocaForAllViewController.swift */,
				186E84E624D2DB300094E9EB /* VocaForAllNavigationView.swift */,
				186E84E824D2E2A30094E9EB /* VocaForAllCell.swift */,
				187B024D24D41705008DBC8B /* VocaForAllModel.swift */,
			);
			path = VacoForAll;
			sourceTree = "<group>";
		};
		CE6C9B5F24CF2D790068C3BB /* My */ = {
			isa = PBXGroup;
			children = (
				7D88E29B24E170E7000D8559 /* MyViewController.swift */,
				7D88E29824E170E6000D8559 /* settingCell.swift */,
				7D88E29924E170E6000D8559 /* SettingSection.swift */,
				7D88E29A24E170E6000D8559 /* UserinfoHeader.swift */,
			);
			path = My;
			sourceTree = "<group>";
		};
		CE6C9B6124CF2D870068C3BB /* AddWord */ = {
			isa = PBXGroup;
			children = (
				7D88E29424E170C4000D8559 /* ScreenView.swift */,
				7D88E29524E170C4000D8559 /* TakePictureController.swift */,
				186E84CB24D15DFD0094E9EB /* AddWordViewController.swift */,
				186E84CD24D15E150094E9EB /* AddWordNavigationView.swift */,
			);
			path = AddWord;
			sourceTree = "<group>";
		};
		CE6C9B6324CF2DDB0068C3BB /* Model */ = {
			isa = PBXGroup;
			children = (
			);
			path = Model;
			sourceTree = "<group>";
		};
		CE8703C124D2F9F100DDFAD4 /* Utills */ = {
			isa = PBXGroup;
			children = (
				CE8703C224D2F9FD00DDFAD4 /* UILabel+.swift */,
			);
			path = Utills;
			sourceTree = "<group>";
		};
		CEFED47624D5BAC7002E858C /* Game */ = {
			isa = PBXGroup;
			children = (
				CEFED47224D45291002E858C /* GameViewController.swift */,
				CEFED47424D5B236002E858C /* GameCell.swift */,
			);
			path = Game;
			sourceTree = "<group>";
		};
		CEFED48024D5C8C2002E858C /* VocaGame */ = {
			isa = PBXGroup;
			children = (
				7D16CBBE24E8D6AC00C95F8D /* Flip */,
				7D16CBCB24E8D6AD00C95F8D /* Matching */,
				CEFED48124D5C8C2002E858C /* VocaGame.h */,
				CEFED48224D5C8C2002E858C /* Info.plist */,
				7D477D7824E2BFE6004A7F17 /* ProgressBarNavigationView.swift */,
				7D477D7A24E2C3C7004A7F17 /* Media.xcassets */,
			);
			path = VocaGame;
			sourceTree = "<group>";
		};
		DCBEF7D8D78A53C7ED1BCF92 /* Pods */ = {
			isa = PBXGroup;
			children = (
				7C3389560DBDD00DE6B80C3E /* Pods-PoingDesignSystem.debug.xcconfig */,
				D89B86DD235D0CF741AA0904 /* Pods-PoingDesignSystem.release.xcconfig */,
				E3E245CC75C9082757CB5D26 /* Pods-PoingVocaSubsystem.debug.xcconfig */,
				D78FA8B0F97BA5424E34FE48 /* Pods-PoingVocaSubsystem.release.xcconfig */,
				94DF691E8589FC4D1A442062 /* Pods-VocaGame.debug.xcconfig */,
				E2F94FFE2D606B057B22ACAC /* Pods-VocaGame.release.xcconfig */,
				3058D476938174BA00AE76FD /* Pods-Vocabulary.debug.xcconfig */,
				2F9AD3A526916EA462BD8F5D /* Pods-Vocabulary.release.xcconfig */,
			);
			path = Pods;
			sourceTree = "<group>";
		};
/* End PBXGroup section */

/* Begin PBXHeadersBuildPhase section */
		7DDB4AC024DC2D6B008812CD /* Headers */ = {
			isa = PBXHeadersBuildPhase;
			buildActionMask = 2147483647;
			files = (
				7DDB4AD724DC2D6B008812CD /* PoingDesignSystem.h in Headers */,
			);
			runOnlyForDeploymentPostprocessing = 0;
		};
		7DDB4AE524DC2DF2008812CD /* Headers */ = {
			isa = PBXHeadersBuildPhase;
			buildActionMask = 2147483647;
			files = (
				7DDB4AFC24DC2DF2008812CD /* PoingVocaSubsystem.h in Headers */,
			);
			runOnlyForDeploymentPostprocessing = 0;
		};
		CEFED47A24D5C8C2002E858C /* Headers */ = {
			isa = PBXHeadersBuildPhase;
			buildActionMask = 2147483647;
			files = (
				CEFED49124D5C8C2002E858C /* VocaGame.h in Headers */,
			);
			runOnlyForDeploymentPostprocessing = 0;
		};
/* End PBXHeadersBuildPhase section */

/* Begin PBXNativeTarget section */
		7D276DFC24BE05AF00CA4554 /* Vocabulary */ = {
			isa = PBXNativeTarget;
			buildConfigurationList = 7D276E1124BE05B200CA4554 /* Build configuration list for PBXNativeTarget "Vocabulary" */;
			buildPhases = (
				157B56A8FD46DEAB7645A50D /* [CP] Check Pods Manifest.lock */,
				7D276DF924BE05AF00CA4554 /* Sources */,
				7D276DFA24BE05AF00CA4554 /* Frameworks */,
				7D276DFB24BE05AF00CA4554 /* Resources */,
				7DF7233A24DC452A00C9745F /* Embed Frameworks */,
				9C5A6B5D748F83F18ACBB517 /* [CP] Embed Pods Frameworks */,
			);
			buildRules = (
			);
			dependencies = (
				7DAF66BB24DC477F00B68C6C /* PBXTargetDependency */,
				7DAF66BF24DC478100B68C6C /* PBXTargetDependency */,
				7DAF66C324DC478400B68C6C /* PBXTargetDependency */,
			);
			name = Vocabulary;
			productName = Vocabulary;
			productReference = 7D276DFD24BE05AF00CA4554 /* 포잉포잉.app */;
			productType = "com.apple.product-type.application";
		};
		7DDB4AC424DC2D6B008812CD /* PoingDesignSystem */ = {
			isa = PBXNativeTarget;
			buildConfigurationList = 7DDB4AE324DC2D6B008812CD /* Build configuration list for PBXNativeTarget "PoingDesignSystem" */;
			buildPhases = (
				DBDF100A3DB7017E937784F3 /* [CP] Check Pods Manifest.lock */,
				7DDB4AC024DC2D6B008812CD /* Headers */,
				7DDB4AC124DC2D6B008812CD /* Sources */,
				7DDB4AC224DC2D6B008812CD /* Frameworks */,
				7DDB4AC324DC2D6B008812CD /* Resources */,
			);
			buildRules = (
			);
			dependencies = (
			);
			name = PoingDesignSystem;
			productName = PoingDesignSystem;
			productReference = 7DDB4AC524DC2D6B008812CD /* PoingDesignSystem.framework */;
			productType = "com.apple.product-type.framework";
		};
		7DDB4ACC24DC2D6B008812CD /* PoingDesignSystemTests */ = {
			isa = PBXNativeTarget;
			buildConfigurationList = 7DDB4AE424DC2D6B008812CD /* Build configuration list for PBXNativeTarget "PoingDesignSystemTests" */;
			buildPhases = (
				7DDB4AC924DC2D6B008812CD /* Sources */,
				7DDB4ACA24DC2D6B008812CD /* Frameworks */,
				7DDB4ACB24DC2D6B008812CD /* Resources */,
			);
			buildRules = (
			);
			dependencies = (
				7DDB4AD024DC2D6B008812CD /* PBXTargetDependency */,
				7DDB4AD224DC2D6B008812CD /* PBXTargetDependency */,
			);
			name = PoingDesignSystemTests;
			productName = PoingDesignSystemTests;
			productReference = 7DDB4ACD24DC2D6B008812CD /* PoingDesignSystemTests.xctest */;
			productType = "com.apple.product-type.bundle.unit-test";
		};
		7DDB4AE924DC2DF2008812CD /* PoingVocaSubsystem */ = {
			isa = PBXNativeTarget;
			buildConfigurationList = 7DDB4B0124DC2DF2008812CD /* Build configuration list for PBXNativeTarget "PoingVocaSubsystem" */;
			buildPhases = (
				3CF30ED0C40A6FB48A1D5EFA /* [CP] Check Pods Manifest.lock */,
				7DDB4AE524DC2DF2008812CD /* Headers */,
				7DDB4AE624DC2DF2008812CD /* Sources */,
				7DDB4AE724DC2DF2008812CD /* Frameworks */,
				7DDB4AE824DC2DF2008812CD /* Resources */,
			);
			buildRules = (
			);
			dependencies = (
			);
			name = PoingVocaSubsystem;
			productName = PoingVocaSubsystem;
			productReference = 7DDB4AEA24DC2DF2008812CD /* PoingVocaSubsystem.framework */;
			productType = "com.apple.product-type.framework";
		};
		7DDB4AF124DC2DF2008812CD /* PoingVocaSubsystemTests */ = {
			isa = PBXNativeTarget;
			buildConfigurationList = 7DDB4B0424DC2DF2008812CD /* Build configuration list for PBXNativeTarget "PoingVocaSubsystemTests" */;
			buildPhases = (
				7DDB4AEE24DC2DF2008812CD /* Sources */,
				7DDB4AEF24DC2DF2008812CD /* Frameworks */,
				7DDB4AF024DC2DF2008812CD /* Resources */,
			);
			buildRules = (
			);
			dependencies = (
				7DDB4AF524DC2DF2008812CD /* PBXTargetDependency */,
				7DDB4AF724DC2DF2008812CD /* PBXTargetDependency */,
			);
			name = PoingVocaSubsystemTests;
			productName = PoingVocaSubsystemTests;
			productReference = 7DDB4AF224DC2DF2008812CD /* PoingVocaSubsystemTests.xctest */;
			productType = "com.apple.product-type.bundle.unit-test";
		};
		CEFED47E24D5C8C2002E858C /* VocaGame */ = {
			isa = PBXNativeTarget;
			buildConfigurationList = CEFED49624D5C8C2002E858C /* Build configuration list for PBXNativeTarget "VocaGame" */;
			buildPhases = (
				E705508DC2797D961CACE27B /* [CP] Check Pods Manifest.lock */,
				CEFED47A24D5C8C2002E858C /* Headers */,
				CEFED47B24D5C8C2002E858C /* Sources */,
				CEFED47C24D5C8C2002E858C /* Frameworks */,
				CEFED47D24D5C8C2002E858C /* Resources */,
				7D30807524D9A39D0001D850 /* Embed Frameworks */,
			);
			buildRules = (
			);
			dependencies = (
				7D6F9D0524E2EE3B005B6835 /* PBXTargetDependency */,
			);
			name = VocaGame;
			productName = VocaGame;
			productReference = CEFED47F24D5C8C2002E858C /* VocaGame.framework */;
			productType = "com.apple.product-type.framework";
		};
/* End PBXNativeTarget section */

/* Begin PBXProject section */
		7D276DF524BE05AF00CA4554 /* Project object */ = {
			isa = PBXProject;
			attributes = {
				LastSwiftUpdateCheck = 1150;
				LastUpgradeCheck = 1150;
				ORGANIZATIONNAME = "LEE HAEUN";
				TargetAttributes = {
					7D276DFC24BE05AF00CA4554 = {
						CreatedOnToolsVersion = 11.5;
					};
					7DDB4AC424DC2D6B008812CD = {
						CreatedOnToolsVersion = 11.5;
					};
					7DDB4ACC24DC2D6B008812CD = {
						CreatedOnToolsVersion = 11.5;
						TestTargetID = 7D276DFC24BE05AF00CA4554;
					};
					7DDB4AE924DC2DF2008812CD = {
						CreatedOnToolsVersion = 11.5;
					};
					7DDB4AF124DC2DF2008812CD = {
						CreatedOnToolsVersion = 11.5;
						TestTargetID = 7D276DFC24BE05AF00CA4554;
					};
					CEFED47E24D5C8C2002E858C = {
						CreatedOnToolsVersion = 11.6;
					};
				};
			};
			buildConfigurationList = 7D276DF824BE05AF00CA4554 /* Build configuration list for PBXProject "Vocabulary" */;
			compatibilityVersion = "Xcode 9.3";
			developmentRegion = en;
			hasScannedForEncodings = 0;
			knownRegions = (
				en,
				Base,
			);
			mainGroup = 7D276DF424BE05AF00CA4554;
			productRefGroup = 7D276DFE24BE05AF00CA4554 /* Products */;
			projectDirPath = "";
			projectRoot = "";
			targets = (
				7D276DFC24BE05AF00CA4554 /* Vocabulary */,
				CEFED47E24D5C8C2002E858C /* VocaGame */,
				7DDB4AC424DC2D6B008812CD /* PoingDesignSystem */,
				7DDB4ACC24DC2D6B008812CD /* PoingDesignSystemTests */,
				7DDB4AE924DC2DF2008812CD /* PoingVocaSubsystem */,
				7DDB4AF124DC2DF2008812CD /* PoingVocaSubsystemTests */,
			);
		};
/* End PBXProject section */

/* Begin PBXResourcesBuildPhase section */
		7D276DFB24BE05AF00CA4554 /* Resources */ = {
			isa = PBXResourcesBuildPhase;
			buildActionMask = 2147483647;
			files = (
				7D276E0D24BE05B200CA4554 /* LaunchScreen.storyboard in Resources */,
				7D276E0A24BE05B200CA4554 /* Assets.xcassets in Resources */,
				7D16CBBC24E5826300C95F8D /* BalsamiqSansBold.ttf in Resources */,
			);
			runOnlyForDeploymentPostprocessing = 0;
		};
		7DDB4AC324DC2D6B008812CD /* Resources */ = {
			isa = PBXResourcesBuildPhase;
			buildActionMask = 2147483647;
			files = (
				7D16CBB924E5805500C95F8D /* BalsamiqSansBold.ttf in Resources */,
			);
			runOnlyForDeploymentPostprocessing = 0;
		};
		7DDB4ACB24DC2D6B008812CD /* Resources */ = {
			isa = PBXResourcesBuildPhase;
			buildActionMask = 2147483647;
			files = (
			);
			runOnlyForDeploymentPostprocessing = 0;
		};
		7DDB4AE824DC2DF2008812CD /* Resources */ = {
			isa = PBXResourcesBuildPhase;
			buildActionMask = 2147483647;
			files = (
			);
			runOnlyForDeploymentPostprocessing = 0;
		};
		7DDB4AF024DC2DF2008812CD /* Resources */ = {
			isa = PBXResourcesBuildPhase;
			buildActionMask = 2147483647;
			files = (
			);
			runOnlyForDeploymentPostprocessing = 0;
		};
		CEFED47D24D5C8C2002E858C /* Resources */ = {
			isa = PBXResourcesBuildPhase;
			buildActionMask = 2147483647;
			files = (
				7D16CBBD24E5826400C95F8D /* BalsamiqSansBold.ttf in Resources */,
				7D477D7B24E2C3C7004A7F17 /* Media.xcassets in Resources */,
			);
			runOnlyForDeploymentPostprocessing = 0;
		};
/* End PBXResourcesBuildPhase section */

/* Begin PBXShellScriptBuildPhase section */
		157B56A8FD46DEAB7645A50D /* [CP] Check Pods Manifest.lock */ = {
			isa = PBXShellScriptBuildPhase;
			buildActionMask = 2147483647;
			files = (
			);
			inputFileListPaths = (
			);
			inputPaths = (
				"${PODS_PODFILE_DIR_PATH}/Podfile.lock",
				"${PODS_ROOT}/Manifest.lock",
			);
			name = "[CP] Check Pods Manifest.lock";
			outputFileListPaths = (
			);
			outputPaths = (
				"$(DERIVED_FILE_DIR)/Pods-Vocabulary-checkManifestLockResult.txt",
			);
			runOnlyForDeploymentPostprocessing = 0;
			shellPath = /bin/sh;
			shellScript = "diff \"${PODS_PODFILE_DIR_PATH}/Podfile.lock\" \"${PODS_ROOT}/Manifest.lock\" > /dev/null\nif [ $? != 0 ] ; then\n    # print error to STDERR\n    echo \"error: The sandbox is not in sync with the Podfile.lock. Run 'pod install' or update your CocoaPods installation.\" >&2\n    exit 1\nfi\n# This output is used by Xcode 'outputs' to avoid re-running this script phase.\necho \"SUCCESS\" > \"${SCRIPT_OUTPUT_FILE_0}\"\n";
			showEnvVarsInLog = 0;
		};
		3CF30ED0C40A6FB48A1D5EFA /* [CP] Check Pods Manifest.lock */ = {
			isa = PBXShellScriptBuildPhase;
			buildActionMask = 2147483647;
			files = (
			);
			inputFileListPaths = (
			);
			inputPaths = (
				"${PODS_PODFILE_DIR_PATH}/Podfile.lock",
				"${PODS_ROOT}/Manifest.lock",
			);
			name = "[CP] Check Pods Manifest.lock";
			outputFileListPaths = (
			);
			outputPaths = (
				"$(DERIVED_FILE_DIR)/Pods-PoingVocaSubsystem-checkManifestLockResult.txt",
			);
			runOnlyForDeploymentPostprocessing = 0;
			shellPath = /bin/sh;
			shellScript = "diff \"${PODS_PODFILE_DIR_PATH}/Podfile.lock\" \"${PODS_ROOT}/Manifest.lock\" > /dev/null\nif [ $? != 0 ] ; then\n    # print error to STDERR\n    echo \"error: The sandbox is not in sync with the Podfile.lock. Run 'pod install' or update your CocoaPods installation.\" >&2\n    exit 1\nfi\n# This output is used by Xcode 'outputs' to avoid re-running this script phase.\necho \"SUCCESS\" > \"${SCRIPT_OUTPUT_FILE_0}\"\n";
			showEnvVarsInLog = 0;
		};
		9C5A6B5D748F83F18ACBB517 /* [CP] Embed Pods Frameworks */ = {
			isa = PBXShellScriptBuildPhase;
			buildActionMask = 2147483647;
			files = (
			);
			inputFileListPaths = (
				"${PODS_ROOT}/Target Support Files/Pods-Vocabulary/Pods-Vocabulary-frameworks-${CONFIGURATION}-input-files.xcfilelist",
			);
			name = "[CP] Embed Pods Frameworks";
			outputFileListPaths = (
				"${PODS_ROOT}/Target Support Files/Pods-Vocabulary/Pods-Vocabulary-frameworks-${CONFIGURATION}-output-files.xcfilelist",
			);
			runOnlyForDeploymentPostprocessing = 0;
			shellPath = /bin/sh;
			shellScript = "\"${PODS_ROOT}/Target Support Files/Pods-Vocabulary/Pods-Vocabulary-frameworks.sh\"\n";
			showEnvVarsInLog = 0;
		};
		DBDF100A3DB7017E937784F3 /* [CP] Check Pods Manifest.lock */ = {
			isa = PBXShellScriptBuildPhase;
			buildActionMask = 2147483647;
			files = (
			);
			inputFileListPaths = (
			);
			inputPaths = (
				"${PODS_PODFILE_DIR_PATH}/Podfile.lock",
				"${PODS_ROOT}/Manifest.lock",
			);
			name = "[CP] Check Pods Manifest.lock";
			outputFileListPaths = (
			);
			outputPaths = (
				"$(DERIVED_FILE_DIR)/Pods-PoingDesignSystem-checkManifestLockResult.txt",
			);
			runOnlyForDeploymentPostprocessing = 0;
			shellPath = /bin/sh;
			shellScript = "diff \"${PODS_PODFILE_DIR_PATH}/Podfile.lock\" \"${PODS_ROOT}/Manifest.lock\" > /dev/null\nif [ $? != 0 ] ; then\n    # print error to STDERR\n    echo \"error: The sandbox is not in sync with the Podfile.lock. Run 'pod install' or update your CocoaPods installation.\" >&2\n    exit 1\nfi\n# This output is used by Xcode 'outputs' to avoid re-running this script phase.\necho \"SUCCESS\" > \"${SCRIPT_OUTPUT_FILE_0}\"\n";
			showEnvVarsInLog = 0;
		};
		E705508DC2797D961CACE27B /* [CP] Check Pods Manifest.lock */ = {
			isa = PBXShellScriptBuildPhase;
			buildActionMask = 2147483647;
			files = (
			);
			inputFileListPaths = (
			);
			inputPaths = (
				"${PODS_PODFILE_DIR_PATH}/Podfile.lock",
				"${PODS_ROOT}/Manifest.lock",
			);
			name = "[CP] Check Pods Manifest.lock";
			outputFileListPaths = (
			);
			outputPaths = (
				"$(DERIVED_FILE_DIR)/Pods-VocaGame-checkManifestLockResult.txt",
			);
			runOnlyForDeploymentPostprocessing = 0;
			shellPath = /bin/sh;
			shellScript = "diff \"${PODS_PODFILE_DIR_PATH}/Podfile.lock\" \"${PODS_ROOT}/Manifest.lock\" > /dev/null\nif [ $? != 0 ] ; then\n    # print error to STDERR\n    echo \"error: The sandbox is not in sync with the Podfile.lock. Run 'pod install' or update your CocoaPods installation.\" >&2\n    exit 1\nfi\n# This output is used by Xcode 'outputs' to avoid re-running this script phase.\necho \"SUCCESS\" > \"${SCRIPT_OUTPUT_FILE_0}\"\n";
			showEnvVarsInLog = 0;
		};
/* End PBXShellScriptBuildPhase section */

/* Begin PBXSourcesBuildPhase section */
		7D276DF924BE05AF00CA4554 /* Sources */ = {
			isa = PBXSourcesBuildPhase;
			buildActionMask = 2147483647;
			files = (
				CE8703C324D2F9FD00DDFAD4 /* UILabel+.swift in Sources */,
				7D88E29E24E170E7000D8559 /* UserinfoHeader.swift in Sources */,
				186E84CE24D15E150094E9EB /* AddWordNavigationView.swift in Sources */,
				CE381A1324D1DECF00FDEBAC /* MyVocaGroupNameCell.swift in Sources */,
				CEFED47524D5B236002E858C /* GameCell.swift in Sources */,
				CE1458FA24D319FC004F2700 /* EditMyVocaGroupCell.swift in Sources */,
				186E84CC24D15DFD0094E9EB /* AddWordViewController.swift in Sources */,
				7D88E29C24E170E7000D8559 /* settingCell.swift in Sources */,
				CE4401BA24CF35360093D04B /* TabbarViewController.swift in Sources */,
				1870799524D8120E0079E280 /* WordViewModel.swift in Sources */,
				7D477D7524E19172004A7F17 /* MyVocaEmptyCell.swift in Sources */,
				187B024E24D41705008DBC8B /* VocaForAllModel.swift in Sources */,
				7D88E2A124E17DD3000D8559 /* HomeViewController.swift in Sources */,
				7D14050824DE5F8E00F57260 /* EditMyVocaGroupViewModel.swift in Sources */,
				CE381A1124D1DE5B00FDEBAC /* MyVocaViewModel.swift in Sources */,
				CE8703C524D2FD9C00DDFAD4 /* MyVocaWordCell.swift in Sources */,
				CE1458F824D3193D004F2700 /* EditMyVocaGroupViewController.swift in Sources */,
				186E84CA24D1462E0094E9EB /* BaseButton.swift in Sources */,
				186E84E924D2E2A30094E9EB /* VocaForAllCell.swift in Sources */,
				CEFED47324D45291002E858C /* GameViewController.swift in Sources */,
				7D276E0124BE05AF00CA4554 /* AppDelegate.swift in Sources */,
				186E84E724D2DB300094E9EB /* VocaForAllNavigationView.swift in Sources */,
				7D88E29F24E170E7000D8559 /* MyViewController.swift in Sources */,
				186E84E524D2DAC50094E9EB /* VocaForAllViewController.swift in Sources */,
				187B024A24D4065B008DBC8B /* VocaDetailViewController.swift in Sources */,
				CE4401B824CF33E70093D04B /* MyVocaViewController.swift in Sources */,
				CE84996B24D300D300D934C3 /* MyVocaGroupReusableView.swift in Sources */,
				CEF4C3BA24D3949E001AEE97 /* AddVocaViewController.swift in Sources */,
				7D88E29624E170C4000D8559 /* ScreenView.swift in Sources */,
				7D88E29724E170C4000D8559 /* TakePictureController.swift in Sources */,
				7D88E2A324E17F32000D8559 /* HomeHeaderView.swift in Sources */,
				187B024C24D40968008DBC8B /* WordDetailCell.swift in Sources */,
				7D88E29D24E170E7000D8559 /* SettingSection.swift in Sources */,
			);
			runOnlyForDeploymentPostprocessing = 0;
		};
		7DDB4AC124DC2D6B008812CD /* Sources */ = {
			isa = PBXSourcesBuildPhase;
			buildActionMask = 2147483647;
			files = (
				7DDB4B1224DC2E1E008812CD /* UIFont+.swift in Sources */,
				7DDB4B3324DC337E008812CD /* SideNavigationView.swift in Sources */,
				7DDB4B1324DC2E1E008812CD /* VDSTextField.swift in Sources */,
				7DDB4B3224DC337B008812CD /* LeftTitleNavigationView.swift in Sources */,
				7DDB4B0F24DC2E1E008812CD /* AccentButton.swift in Sources */,
				7D6F9D0624E2EE96005B6835 /* CALayer+.swift in Sources */,
				7DDB4B1024DC2E1E008812CD /* NoticePopupViewController.swift in Sources */,
				7DDB4B1124DC2E1E008812CD /* UIColor+.swift in Sources */,
			);
			runOnlyForDeploymentPostprocessing = 0;
		};
		7DDB4AC924DC2D6B008812CD /* Sources */ = {
			isa = PBXSourcesBuildPhase;
			buildActionMask = 2147483647;
			files = (
				7DDB4AD524DC2D6B008812CD /* PoingDesignSystemTests.swift in Sources */,
			);
			runOnlyForDeploymentPostprocessing = 0;
		};
		7DDB4AE624DC2DF2008812CD /* Sources */ = {
			isa = PBXSourcesBuildPhase;
			buildActionMask = 2147483647;
			files = (
				7D1FBE5024DC3B6000D2F4A1 /* Voca.xcdatamodeld in Sources */,
				7DDB4B1F24DC2E6E008812CD /* VocaManager.swift in Sources */,
				7DDB4B2024DC2E6E008812CD /* ManagedWord+CoreDataClass.swift in Sources */,
				7DDB4B1D24DC2E6E008812CD /* ManagedGroup+CoreDataClass.swift in Sources */,
				7DE758D224DDBB0E001922C6 /* Notification.Name+.swift in Sources */,
				7D7F602224F16387007021C6 /* Load.xcdatamodeld in Sources */,
				7DDB4B1C24DC2E6E008812CD /* ManagedWord+CoreDataProperties.swift in Sources */,
				7DDB4B1E24DC2E6E008812CD /* VocaCoreDataManager.swift in Sources */,
				7DDB4B2124DC2E6E008812CD /* ManagedGroup+CoreDataProperties.swift in Sources */,
			);
			runOnlyForDeploymentPostprocessing = 0;
		};
		7DDB4AEE24DC2DF2008812CD /* Sources */ = {
			isa = PBXSourcesBuildPhase;
			buildActionMask = 2147483647;
			files = (
				7DDB4AFA24DC2DF2008812CD /* PoingVocaSubsystemTests.swift in Sources */,
			);
			runOnlyForDeploymentPostprocessing = 0;
		};
		CEFED47B24D5C8C2002E858C /* Sources */ = {
			isa = PBXSourcesBuildPhase;
			buildActionMask = 2147483647;
			files = (
				7D16CBD324E8D6AD00C95F8D /* FlipCardViewDelegate.swift in Sources */,
				7D16CBDC24E8D6AD00C95F8D /* CardMatching.swift in Sources */,
				7D477D7924E2BFE6004A7F17 /* ProgressBarNavigationView.swift in Sources */,
				7D16CBD224E8D6AD00C95F8D /* FlipCardViewDataSource.swift in Sources */,
				7D16CBD424E8D6AD00C95F8D /* CardsDataModel.swift in Sources */,
				7D16CBD624E8D6AD00C95F8D /* FlipCardView.swift in Sources */,
				7D16CBDB24E8D6AD00C95F8D /* ImageWord.swift in Sources */,
				7D16CBDA24E8D6AD00C95F8D /* CardMatchingViewController.swift in Sources */,
				7D16CBD924E8D6AD00C95F8D /* CardCell.swift in Sources */,
				7D16CBD524E8D6AD00C95F8D /* StackContainerView.swift in Sources */,
				7D16CBD824E8D6AD00C95F8D /* FlipGameViewController.swift in Sources */,
			);
			runOnlyForDeploymentPostprocessing = 0;
		};
/* End PBXSourcesBuildPhase section */

/* Begin PBXTargetDependency section */
		7D6F9D0524E2EE3B005B6835 /* PBXTargetDependency */ = {
			isa = PBXTargetDependency;
			target = 7DDB4AC424DC2D6B008812CD /* PoingDesignSystem */;
			targetProxy = 7D6F9D0424E2EE3B005B6835 /* PBXContainerItemProxy */;
		};
		7DAF66BB24DC477F00B68C6C /* PBXTargetDependency */ = {
			isa = PBXTargetDependency;
			target = 7DDB4AC424DC2D6B008812CD /* PoingDesignSystem */;
			targetProxy = 7DAF66BA24DC477F00B68C6C /* PBXContainerItemProxy */;
		};
		7DAF66BF24DC478100B68C6C /* PBXTargetDependency */ = {
			isa = PBXTargetDependency;
			target = 7DDB4AE924DC2DF2008812CD /* PoingVocaSubsystem */;
			targetProxy = 7DAF66BE24DC478100B68C6C /* PBXContainerItemProxy */;
		};
		7DAF66C324DC478400B68C6C /* PBXTargetDependency */ = {
			isa = PBXTargetDependency;
			target = CEFED47E24D5C8C2002E858C /* VocaGame */;
			targetProxy = 7DAF66C224DC478400B68C6C /* PBXContainerItemProxy */;
		};
		7DDB4AD024DC2D6B008812CD /* PBXTargetDependency */ = {
			isa = PBXTargetDependency;
			target = 7DDB4AC424DC2D6B008812CD /* PoingDesignSystem */;
			targetProxy = 7DDB4ACF24DC2D6B008812CD /* PBXContainerItemProxy */;
		};
		7DDB4AD224DC2D6B008812CD /* PBXTargetDependency */ = {
			isa = PBXTargetDependency;
			target = 7D276DFC24BE05AF00CA4554 /* Vocabulary */;
			targetProxy = 7DDB4AD124DC2D6B008812CD /* PBXContainerItemProxy */;
		};
		7DDB4AF524DC2DF2008812CD /* PBXTargetDependency */ = {
			isa = PBXTargetDependency;
			target = 7DDB4AE924DC2DF2008812CD /* PoingVocaSubsystem */;
			targetProxy = 7DDB4AF424DC2DF2008812CD /* PBXContainerItemProxy */;
		};
		7DDB4AF724DC2DF2008812CD /* PBXTargetDependency */ = {
			isa = PBXTargetDependency;
			target = 7D276DFC24BE05AF00CA4554 /* Vocabulary */;
			targetProxy = 7DDB4AF624DC2DF2008812CD /* PBXContainerItemProxy */;
		};
/* End PBXTargetDependency section */

/* Begin PBXVariantGroup section */
		7D276E0B24BE05B200CA4554 /* LaunchScreen.storyboard */ = {
			isa = PBXVariantGroup;
			children = (
				7D276E0C24BE05B200CA4554 /* Base */,
			);
			name = LaunchScreen.storyboard;
			sourceTree = "<group>";
		};
/* End PBXVariantGroup section */

/* Begin XCBuildConfiguration section */
		7D276E0F24BE05B200CA4554 /* Debug */ = {
			isa = XCBuildConfiguration;
			buildSettings = {
				ALWAYS_SEARCH_USER_PATHS = NO;
				CLANG_ANALYZER_NONNULL = YES;
				CLANG_ANALYZER_NUMBER_OBJECT_CONVERSION = YES_AGGRESSIVE;
				CLANG_CXX_LANGUAGE_STANDARD = "gnu++14";
				CLANG_CXX_LIBRARY = "libc++";
				CLANG_ENABLE_MODULES = YES;
				CLANG_ENABLE_OBJC_ARC = YES;
				CLANG_ENABLE_OBJC_WEAK = YES;
				CLANG_WARN_BLOCK_CAPTURE_AUTORELEASING = YES;
				CLANG_WARN_BOOL_CONVERSION = YES;
				CLANG_WARN_COMMA = YES;
				CLANG_WARN_CONSTANT_CONVERSION = YES;
				CLANG_WARN_DEPRECATED_OBJC_IMPLEMENTATIONS = YES;
				CLANG_WARN_DIRECT_OBJC_ISA_USAGE = YES_ERROR;
				CLANG_WARN_DOCUMENTATION_COMMENTS = YES;
				CLANG_WARN_EMPTY_BODY = YES;
				CLANG_WARN_ENUM_CONVERSION = YES;
				CLANG_WARN_INFINITE_RECURSION = YES;
				CLANG_WARN_INT_CONVERSION = YES;
				CLANG_WARN_NON_LITERAL_NULL_CONVERSION = YES;
				CLANG_WARN_OBJC_IMPLICIT_RETAIN_SELF = YES;
				CLANG_WARN_OBJC_LITERAL_CONVERSION = YES;
				CLANG_WARN_OBJC_ROOT_CLASS = YES_ERROR;
				CLANG_WARN_RANGE_LOOP_ANALYSIS = YES;
				CLANG_WARN_STRICT_PROTOTYPES = YES;
				CLANG_WARN_SUSPICIOUS_MOVE = YES;
				CLANG_WARN_UNGUARDED_AVAILABILITY = YES_AGGRESSIVE;
				CLANG_WARN_UNREACHABLE_CODE = YES;
				CLANG_WARN__DUPLICATE_METHOD_MATCH = YES;
				COPY_PHASE_STRIP = NO;
				DEBUG_INFORMATION_FORMAT = dwarf;
				ENABLE_STRICT_OBJC_MSGSEND = YES;
				ENABLE_TESTABILITY = YES;
				GCC_C_LANGUAGE_STANDARD = gnu11;
				GCC_DYNAMIC_NO_PIC = NO;
				GCC_NO_COMMON_BLOCKS = YES;
				GCC_OPTIMIZATION_LEVEL = 0;
				GCC_PREPROCESSOR_DEFINITIONS = (
					"DEBUG=1",
					"$(inherited)",
				);
				GCC_WARN_64_TO_32_BIT_CONVERSION = YES;
				GCC_WARN_ABOUT_RETURN_TYPE = YES_ERROR;
				GCC_WARN_UNDECLARED_SELECTOR = YES;
				GCC_WARN_UNINITIALIZED_AUTOS = YES_AGGRESSIVE;
				GCC_WARN_UNUSED_FUNCTION = YES;
				GCC_WARN_UNUSED_VARIABLE = YES;
				IPHONEOS_DEPLOYMENT_TARGET = 13.0;
				MTL_ENABLE_DEBUG_INFO = INCLUDE_SOURCE;
				MTL_FAST_MATH = YES;
				ONLY_ACTIVE_ARCH = YES;
				SDKROOT = iphoneos;
				SWIFT_ACTIVE_COMPILATION_CONDITIONS = DEBUG;
				SWIFT_OPTIMIZATION_LEVEL = "-Onone";
			};
			name = Debug;
		};
		7D276E1024BE05B200CA4554 /* Release */ = {
			isa = XCBuildConfiguration;
			buildSettings = {
				ALWAYS_SEARCH_USER_PATHS = NO;
				CLANG_ANALYZER_NONNULL = YES;
				CLANG_ANALYZER_NUMBER_OBJECT_CONVERSION = YES_AGGRESSIVE;
				CLANG_CXX_LANGUAGE_STANDARD = "gnu++14";
				CLANG_CXX_LIBRARY = "libc++";
				CLANG_ENABLE_MODULES = YES;
				CLANG_ENABLE_OBJC_ARC = YES;
				CLANG_ENABLE_OBJC_WEAK = YES;
				CLANG_WARN_BLOCK_CAPTURE_AUTORELEASING = YES;
				CLANG_WARN_BOOL_CONVERSION = YES;
				CLANG_WARN_COMMA = YES;
				CLANG_WARN_CONSTANT_CONVERSION = YES;
				CLANG_WARN_DEPRECATED_OBJC_IMPLEMENTATIONS = YES;
				CLANG_WARN_DIRECT_OBJC_ISA_USAGE = YES_ERROR;
				CLANG_WARN_DOCUMENTATION_COMMENTS = YES;
				CLANG_WARN_EMPTY_BODY = YES;
				CLANG_WARN_ENUM_CONVERSION = YES;
				CLANG_WARN_INFINITE_RECURSION = YES;
				CLANG_WARN_INT_CONVERSION = YES;
				CLANG_WARN_NON_LITERAL_NULL_CONVERSION = YES;
				CLANG_WARN_OBJC_IMPLICIT_RETAIN_SELF = YES;
				CLANG_WARN_OBJC_LITERAL_CONVERSION = YES;
				CLANG_WARN_OBJC_ROOT_CLASS = YES_ERROR;
				CLANG_WARN_RANGE_LOOP_ANALYSIS = YES;
				CLANG_WARN_STRICT_PROTOTYPES = YES;
				CLANG_WARN_SUSPICIOUS_MOVE = YES;
				CLANG_WARN_UNGUARDED_AVAILABILITY = YES_AGGRESSIVE;
				CLANG_WARN_UNREACHABLE_CODE = YES;
				CLANG_WARN__DUPLICATE_METHOD_MATCH = YES;
				COPY_PHASE_STRIP = NO;
				DEBUG_INFORMATION_FORMAT = "dwarf-with-dsym";
				ENABLE_NS_ASSERTIONS = NO;
				ENABLE_STRICT_OBJC_MSGSEND = YES;
				GCC_C_LANGUAGE_STANDARD = gnu11;
				GCC_NO_COMMON_BLOCKS = YES;
				GCC_WARN_64_TO_32_BIT_CONVERSION = YES;
				GCC_WARN_ABOUT_RETURN_TYPE = YES_ERROR;
				GCC_WARN_UNDECLARED_SELECTOR = YES;
				GCC_WARN_UNINITIALIZED_AUTOS = YES_AGGRESSIVE;
				GCC_WARN_UNUSED_FUNCTION = YES;
				GCC_WARN_UNUSED_VARIABLE = YES;
				IPHONEOS_DEPLOYMENT_TARGET = 13.0;
				MTL_ENABLE_DEBUG_INFO = NO;
				MTL_FAST_MATH = YES;
				SDKROOT = iphoneos;
				SWIFT_COMPILATION_MODE = wholemodule;
				SWIFT_OPTIMIZATION_LEVEL = "-O";
				VALIDATE_PRODUCT = YES;
			};
			name = Release;
		};
		7D276E1224BE05B200CA4554 /* Debug */ = {
			isa = XCBuildConfiguration;
			baseConfigurationReference = 3058D476938174BA00AE76FD /* Pods-Vocabulary.debug.xcconfig */;
			buildSettings = {
				ASSETCATALOG_COMPILER_APPICON_NAME = AppIcon;
				CODE_SIGN_ENTITLEMENTS = Vocabulary/Vocabulary.entitlements;
				CODE_SIGN_STYLE = Automatic;
				CURRENT_PROJECT_VERSION = 1;
				DEVELOPMENT_TEAM = L47YWQ7AFX;
				INFOPLIST_FILE = Vocabulary/Info.plist;
				IPHONEOS_DEPLOYMENT_TARGET = 13.0;
				LD_RUNPATH_SEARCH_PATHS = (
					"$(inherited)",
					"@executable_path/Frameworks",
				);
				MARKETING_VERSION = 1;
				PRODUCT_BUNDLE_IDENTIFIER = Spark.Vocabulary;
				PRODUCT_NAME = "포잉포잉";
				SWIFT_VERSION = 5.0;
				TARGETED_DEVICE_FAMILY = "1,2";
			};
			name = Debug;
		};
		7D276E1324BE05B200CA4554 /* Release */ = {
			isa = XCBuildConfiguration;
			baseConfigurationReference = 2F9AD3A526916EA462BD8F5D /* Pods-Vocabulary.release.xcconfig */;
			buildSettings = {
				ASSETCATALOG_COMPILER_APPICON_NAME = AppIcon;
				CODE_SIGN_ENTITLEMENTS = Vocabulary/Vocabulary.entitlements;
				CODE_SIGN_STYLE = Automatic;
				CURRENT_PROJECT_VERSION = 1;
				DEVELOPMENT_TEAM = L47YWQ7AFX;
				INFOPLIST_FILE = Vocabulary/Info.plist;
				IPHONEOS_DEPLOYMENT_TARGET = 13.0;
				LD_RUNPATH_SEARCH_PATHS = (
					"$(inherited)",
					"@executable_path/Frameworks",
				);
				MARKETING_VERSION = 1;
				PRODUCT_BUNDLE_IDENTIFIER = Spark.Vocabulary;
				PRODUCT_NAME = "포잉포잉";
				SWIFT_VERSION = 5.0;
				TARGETED_DEVICE_FAMILY = "1,2";
			};
			name = Release;
		};
		7DDB4ADC24DC2D6B008812CD /* Debug */ = {
			isa = XCBuildConfiguration;
			baseConfigurationReference = 7C3389560DBDD00DE6B80C3E /* Pods-PoingDesignSystem.debug.xcconfig */;
			buildSettings = {
				CODE_SIGN_STYLE = Automatic;
				CURRENT_PROJECT_VERSION = 1;
				DEFINES_MODULE = YES;
				DEVELOPMENT_TEAM = L47YWQ7AFX;
				DYLIB_COMPATIBILITY_VERSION = 1;
				DYLIB_CURRENT_VERSION = 1;
				DYLIB_INSTALL_NAME_BASE = "@rpath";
				INFOPLIST_FILE = PoingDesignSystem/Info.plist;
				INSTALL_PATH = "$(LOCAL_LIBRARY_DIR)/Frameworks";
				IPHONEOS_DEPLOYMENT_TARGET = 13.0;
				LD_RUNPATH_SEARCH_PATHS = (
					"$(inherited)",
					"@executable_path/Frameworks",
					"@loader_path/Frameworks",
				);
				PRODUCT_BUNDLE_IDENTIFIER = "LEE-HAEUN.PoingDesignSystem";
				PRODUCT_NAME = "$(TARGET_NAME:c99extidentifier)";
				SKIP_INSTALL = YES;
				SUPPORTS_MACCATALYST = NO;
				SWIFT_VERSION = 5.0;
				TARGETED_DEVICE_FAMILY = "1,2";
				VERSIONING_SYSTEM = "apple-generic";
				VERSION_INFO_PREFIX = "";
			};
			name = Debug;
		};
		7DDB4ADD24DC2D6B008812CD /* Release */ = {
			isa = XCBuildConfiguration;
			baseConfigurationReference = D89B86DD235D0CF741AA0904 /* Pods-PoingDesignSystem.release.xcconfig */;
			buildSettings = {
				CODE_SIGN_STYLE = Automatic;
				CURRENT_PROJECT_VERSION = 1;
				DEFINES_MODULE = YES;
				DEVELOPMENT_TEAM = L47YWQ7AFX;
				DYLIB_COMPATIBILITY_VERSION = 1;
				DYLIB_CURRENT_VERSION = 1;
				DYLIB_INSTALL_NAME_BASE = "@rpath";
				INFOPLIST_FILE = PoingDesignSystem/Info.plist;
				INSTALL_PATH = "$(LOCAL_LIBRARY_DIR)/Frameworks";
				IPHONEOS_DEPLOYMENT_TARGET = 13.0;
				LD_RUNPATH_SEARCH_PATHS = (
					"$(inherited)",
					"@executable_path/Frameworks",
					"@loader_path/Frameworks",
				);
				PRODUCT_BUNDLE_IDENTIFIER = "LEE-HAEUN.PoingDesignSystem";
				PRODUCT_NAME = "$(TARGET_NAME:c99extidentifier)";
				SKIP_INSTALL = YES;
				SUPPORTS_MACCATALYST = NO;
				SWIFT_VERSION = 5.0;
				TARGETED_DEVICE_FAMILY = "1,2";
				VERSIONING_SYSTEM = "apple-generic";
				VERSION_INFO_PREFIX = "";
			};
			name = Release;
		};
		7DDB4ADE24DC2D6B008812CD /* Debug */ = {
			isa = XCBuildConfiguration;
			buildSettings = {
				ALWAYS_EMBED_SWIFT_STANDARD_LIBRARIES = YES;
				CODE_SIGN_STYLE = Automatic;
				DEVELOPMENT_TEAM = L47YWQ7AFX;
				INFOPLIST_FILE = PoingDesignSystemTests/Info.plist;
				IPHONEOS_DEPLOYMENT_TARGET = 13.5;
				LD_RUNPATH_SEARCH_PATHS = (
					"$(inherited)",
					"@executable_path/Frameworks",
					"@loader_path/Frameworks",
				);
				PRODUCT_BUNDLE_IDENTIFIER = "LEE-HAEUN.PoingDesignSystemTests";
				PRODUCT_NAME = "$(TARGET_NAME)";
				SWIFT_VERSION = 5.0;
				TARGETED_DEVICE_FAMILY = "1,2";
				TEST_HOST = "$(BUILT_PRODUCTS_DIR)/포잉포잉.app/포잉포잉";
			};
			name = Debug;
		};
		7DDB4ADF24DC2D6B008812CD /* Release */ = {
			isa = XCBuildConfiguration;
			buildSettings = {
				ALWAYS_EMBED_SWIFT_STANDARD_LIBRARIES = YES;
				CODE_SIGN_STYLE = Automatic;
				DEVELOPMENT_TEAM = L47YWQ7AFX;
				INFOPLIST_FILE = PoingDesignSystemTests/Info.plist;
				IPHONEOS_DEPLOYMENT_TARGET = 13.5;
				LD_RUNPATH_SEARCH_PATHS = (
					"$(inherited)",
					"@executable_path/Frameworks",
					"@loader_path/Frameworks",
				);
				PRODUCT_BUNDLE_IDENTIFIER = "LEE-HAEUN.PoingDesignSystemTests";
				PRODUCT_NAME = "$(TARGET_NAME)";
				SWIFT_VERSION = 5.0;
				TARGETED_DEVICE_FAMILY = "1,2";
				TEST_HOST = "$(BUILT_PRODUCTS_DIR)/포잉포잉.app/포잉포잉";
			};
			name = Release;
		};
		7DDB4B0224DC2DF2008812CD /* Debug */ = {
			isa = XCBuildConfiguration;
			baseConfigurationReference = E3E245CC75C9082757CB5D26 /* Pods-PoingVocaSubsystem.debug.xcconfig */;
			buildSettings = {
				CODE_SIGN_STYLE = Automatic;
				CURRENT_PROJECT_VERSION = 1;
				DEFINES_MODULE = YES;
				DEVELOPMENT_TEAM = L47YWQ7AFX;
				DYLIB_COMPATIBILITY_VERSION = 1;
				DYLIB_CURRENT_VERSION = 1;
				DYLIB_INSTALL_NAME_BASE = "@rpath";
				INFOPLIST_FILE = PoingVocaSubsystem/Info.plist;
				INSTALL_PATH = "$(LOCAL_LIBRARY_DIR)/Frameworks";
				IPHONEOS_DEPLOYMENT_TARGET = 13.0;
				LD_RUNPATH_SEARCH_PATHS = (
					"$(inherited)",
					"@executable_path/Frameworks",
					"@loader_path/Frameworks",
				);
				PRODUCT_BUNDLE_IDENTIFIER = "LEE-HAEUN.PoingVocaSubsystem";
				PRODUCT_NAME = "$(TARGET_NAME:c99extidentifier)";
				SKIP_INSTALL = YES;
				SUPPORTS_MACCATALYST = NO;
				SWIFT_VERSION = 5.0;
				TARGETED_DEVICE_FAMILY = "1,2";
				VERSIONING_SYSTEM = "apple-generic";
				VERSION_INFO_PREFIX = "";
			};
			name = Debug;
		};
		7DDB4B0324DC2DF2008812CD /* Release */ = {
			isa = XCBuildConfiguration;
			baseConfigurationReference = D78FA8B0F97BA5424E34FE48 /* Pods-PoingVocaSubsystem.release.xcconfig */;
			buildSettings = {
				CODE_SIGN_STYLE = Automatic;
				CURRENT_PROJECT_VERSION = 1;
				DEFINES_MODULE = YES;
				DEVELOPMENT_TEAM = L47YWQ7AFX;
				DYLIB_COMPATIBILITY_VERSION = 1;
				DYLIB_CURRENT_VERSION = 1;
				DYLIB_INSTALL_NAME_BASE = "@rpath";
				INFOPLIST_FILE = PoingVocaSubsystem/Info.plist;
				INSTALL_PATH = "$(LOCAL_LIBRARY_DIR)/Frameworks";
				IPHONEOS_DEPLOYMENT_TARGET = 13.0;
				LD_RUNPATH_SEARCH_PATHS = (
					"$(inherited)",
					"@executable_path/Frameworks",
					"@loader_path/Frameworks",
				);
				PRODUCT_BUNDLE_IDENTIFIER = "LEE-HAEUN.PoingVocaSubsystem";
				PRODUCT_NAME = "$(TARGET_NAME:c99extidentifier)";
				SKIP_INSTALL = YES;
				SUPPORTS_MACCATALYST = NO;
				SWIFT_VERSION = 5.0;
				TARGETED_DEVICE_FAMILY = "1,2";
				VERSIONING_SYSTEM = "apple-generic";
				VERSION_INFO_PREFIX = "";
			};
			name = Release;
		};
		7DDB4B0524DC2DF2008812CD /* Debug */ = {
			isa = XCBuildConfiguration;
			buildSettings = {
				ALWAYS_EMBED_SWIFT_STANDARD_LIBRARIES = YES;
				CODE_SIGN_STYLE = Automatic;
				DEVELOPMENT_TEAM = L47YWQ7AFX;
				INFOPLIST_FILE = PoingVocaSubsystemTests/Info.plist;
				IPHONEOS_DEPLOYMENT_TARGET = 13.5;
				LD_RUNPATH_SEARCH_PATHS = (
					"$(inherited)",
					"@executable_path/Frameworks",
					"@loader_path/Frameworks",
				);
				PRODUCT_BUNDLE_IDENTIFIER = "LEE-HAEUN.PoingVocaSubsystemTests";
				PRODUCT_NAME = "$(TARGET_NAME)";
				SWIFT_VERSION = 5.0;
				TARGETED_DEVICE_FAMILY = "1,2";
				TEST_HOST = "$(BUILT_PRODUCTS_DIR)/포잉포잉.app/포잉포잉";
			};
			name = Debug;
		};
		7DDB4B0624DC2DF2008812CD /* Release */ = {
			isa = XCBuildConfiguration;
			buildSettings = {
				ALWAYS_EMBED_SWIFT_STANDARD_LIBRARIES = YES;
				CODE_SIGN_STYLE = Automatic;
				DEVELOPMENT_TEAM = L47YWQ7AFX;
				INFOPLIST_FILE = PoingVocaSubsystemTests/Info.plist;
				IPHONEOS_DEPLOYMENT_TARGET = 13.5;
				LD_RUNPATH_SEARCH_PATHS = (
					"$(inherited)",
					"@executable_path/Frameworks",
					"@loader_path/Frameworks",
				);
				PRODUCT_BUNDLE_IDENTIFIER = "LEE-HAEUN.PoingVocaSubsystemTests";
				PRODUCT_NAME = "$(TARGET_NAME)";
				SWIFT_VERSION = 5.0;
				TARGETED_DEVICE_FAMILY = "1,2";
				TEST_HOST = "$(BUILT_PRODUCTS_DIR)/포잉포잉.app/포잉포잉";
			};
			name = Release;
		};
		CEFED49724D5C8C2002E858C /* Debug */ = {
			isa = XCBuildConfiguration;
			baseConfigurationReference = 94DF691E8589FC4D1A442062 /* Pods-VocaGame.debug.xcconfig */;
			buildSettings = {
				CODE_SIGN_STYLE = Automatic;
				CURRENT_PROJECT_VERSION = 1;
				DEFINES_MODULE = YES;
				DEVELOPMENT_TEAM = L47YWQ7AFX;
				DYLIB_COMPATIBILITY_VERSION = 1;
				DYLIB_CURRENT_VERSION = 1;
				DYLIB_INSTALL_NAME_BASE = "@rpath";
				INFOPLIST_FILE = VocaGame/Info.plist;
				INSTALL_PATH = "$(LOCAL_LIBRARY_DIR)/Frameworks";
				IPHONEOS_DEPLOYMENT_TARGET = 13.0;
				LD_RUNPATH_SEARCH_PATHS = (
					"$(inherited)",
					"@executable_path/Frameworks",
					"@loader_path/Frameworks",
				);
				PRODUCT_BUNDLE_IDENTIFIER = voca.VocaGame;
				PRODUCT_NAME = "$(TARGET_NAME:c99extidentifier)";
				SKIP_INSTALL = YES;
				SUPPORTS_MACCATALYST = NO;
				SWIFT_VERSION = 5.0;
				TARGETED_DEVICE_FAMILY = "1,2";
				VERSIONING_SYSTEM = "apple-generic";
				VERSION_INFO_PREFIX = "";
			};
			name = Debug;
		};
		CEFED49824D5C8C2002E858C /* Release */ = {
			isa = XCBuildConfiguration;
			baseConfigurationReference = E2F94FFE2D606B057B22ACAC /* Pods-VocaGame.release.xcconfig */;
			buildSettings = {
				CODE_SIGN_STYLE = Automatic;
				CURRENT_PROJECT_VERSION = 1;
				DEFINES_MODULE = YES;
				DEVELOPMENT_TEAM = L47YWQ7AFX;
				DYLIB_COMPATIBILITY_VERSION = 1;
				DYLIB_CURRENT_VERSION = 1;
				DYLIB_INSTALL_NAME_BASE = "@rpath";
				INFOPLIST_FILE = VocaGame/Info.plist;
				INSTALL_PATH = "$(LOCAL_LIBRARY_DIR)/Frameworks";
				IPHONEOS_DEPLOYMENT_TARGET = 13.0;
				LD_RUNPATH_SEARCH_PATHS = (
					"$(inherited)",
					"@executable_path/Frameworks",
					"@loader_path/Frameworks",
				);
				PRODUCT_BUNDLE_IDENTIFIER = voca.VocaGame;
				PRODUCT_NAME = "$(TARGET_NAME:c99extidentifier)";
				SKIP_INSTALL = YES;
				SUPPORTS_MACCATALYST = NO;
				SWIFT_VERSION = 5.0;
				TARGETED_DEVICE_FAMILY = "1,2";
				VERSIONING_SYSTEM = "apple-generic";
				VERSION_INFO_PREFIX = "";
			};
			name = Release;
		};
/* End XCBuildConfiguration section */

/* Begin XCConfigurationList section */
		7D276DF824BE05AF00CA4554 /* Build configuration list for PBXProject "Vocabulary" */ = {
			isa = XCConfigurationList;
			buildConfigurations = (
				7D276E0F24BE05B200CA4554 /* Debug */,
				7D276E1024BE05B200CA4554 /* Release */,
			);
			defaultConfigurationIsVisible = 0;
			defaultConfigurationName = Release;
		};
		7D276E1124BE05B200CA4554 /* Build configuration list for PBXNativeTarget "Vocabulary" */ = {
			isa = XCConfigurationList;
			buildConfigurations = (
				7D276E1224BE05B200CA4554 /* Debug */,
				7D276E1324BE05B200CA4554 /* Release */,
			);
			defaultConfigurationIsVisible = 0;
			defaultConfigurationName = Release;
		};
		7DDB4AE324DC2D6B008812CD /* Build configuration list for PBXNativeTarget "PoingDesignSystem" */ = {
			isa = XCConfigurationList;
			buildConfigurations = (
				7DDB4ADC24DC2D6B008812CD /* Debug */,
				7DDB4ADD24DC2D6B008812CD /* Release */,
			);
			defaultConfigurationIsVisible = 0;
			defaultConfigurationName = Release;
		};
		7DDB4AE424DC2D6B008812CD /* Build configuration list for PBXNativeTarget "PoingDesignSystemTests" */ = {
			isa = XCConfigurationList;
			buildConfigurations = (
				7DDB4ADE24DC2D6B008812CD /* Debug */,
				7DDB4ADF24DC2D6B008812CD /* Release */,
			);
			defaultConfigurationIsVisible = 0;
			defaultConfigurationName = Release;
		};
		7DDB4B0124DC2DF2008812CD /* Build configuration list for PBXNativeTarget "PoingVocaSubsystem" */ = {
			isa = XCConfigurationList;
			buildConfigurations = (
				7DDB4B0224DC2DF2008812CD /* Debug */,
				7DDB4B0324DC2DF2008812CD /* Release */,
			);
			defaultConfigurationIsVisible = 0;
			defaultConfigurationName = Release;
		};
		7DDB4B0424DC2DF2008812CD /* Build configuration list for PBXNativeTarget "PoingVocaSubsystemTests" */ = {
			isa = XCConfigurationList;
			buildConfigurations = (
				7DDB4B0524DC2DF2008812CD /* Debug */,
				7DDB4B0624DC2DF2008812CD /* Release */,
			);
			defaultConfigurationIsVisible = 0;
			defaultConfigurationName = Release;
		};
		CEFED49624D5C8C2002E858C /* Build configuration list for PBXNativeTarget "VocaGame" */ = {
			isa = XCConfigurationList;
			buildConfigurations = (
				CEFED49724D5C8C2002E858C /* Debug */,
				CEFED49824D5C8C2002E858C /* Release */,
			);
			defaultConfigurationIsVisible = 0;
			defaultConfigurationName = Release;
		};
/* End XCConfigurationList section */

/* Begin XCVersionGroup section */
		7D7F602024F16387007021C6 /* Load.xcdatamodeld */ = {
			isa = XCVersionGroup;
			children = (
				7D7F602124F16387007021C6 /* Load.xcdatamodel */,
			);
			currentVersion = 7D7F602124F16387007021C6 /* Load.xcdatamodel */;
			path = Load.xcdatamodeld;
			sourceTree = "<group>";
			versionGroupType = wrapper.xcdatamodel;
		};
		7DDB4B1524DC2E67008812CD /* Voca.xcdatamodeld */ = {
			isa = XCVersionGroup;
			children = (
				7DDB4B1424DC2E67008812CD /* Voca.xcdatamodel */,
			);
			currentVersion = 7DDB4B1424DC2E67008812CD /* Voca.xcdatamodel */;
			path = Voca.xcdatamodeld;
			sourceTree = "<group>";
		};
/* End XCVersionGroup section */
	};
	rootObject = 7D276DF524BE05AF00CA4554 /* Project object */;
}
